PODS:
  - Forma (2.0.0):
    - Forma/Core (= 2.0.0)
    - Forma/CoreData (= 2.0.0)
  - Forma/Core (2.0.0)
  - Forma/CoreData (2.0.0):
    - Forma/Core
  - Reveal-SDK (24)

DEPENDENCIES:
  - Forma (from `./`)
  - Reveal-SDK

SPEC REPOS:
  trunk:
    - Reveal-SDK

EXTERNAL SOURCES:
  Forma:
    :path: "./"

SPEC CHECKSUMS:
  Forma: cab3efe0e0a2be55f82cec50709a4990eb467c12
  Reveal-SDK: 5d7e56b8f018c0a88b3a2c10bf68d598bbd3b071

PODFILE CHECKSUM: 5c655407fe8c8ab765b7f693f405ac5885d4f837

COCOAPODS: 1.8.4
