PODS:
  - Forma (2.0.0):
    - Forma/Core (= 2.0.0)
    - Forma/CoreData (= 2.0.0)
  - Forma/Core (2.0.0)
  - Forma/CoreData (2.0.0):
    - Forma/Core
  - Reveal-SDK (34)

DEPENDENCIES:
  - Forma (from `./`)
  - Reveal-SDK

SPEC REPOS:
  trunk:
    - Reveal-SDK

EXTERNAL SOURCES:
  Forma:
    :path: "./"

SPEC CHECKSUMS:
  Forma: e6ddc9ab5559fe5c0abb4070aca928eebd5f8f6b
  Reveal-SDK: a0f993ac78f7b01e398a56d5a8af8f9882c001bd

PODFILE CHECKSUM: a2c81323dc9daaa03d3212a25954f2e1bafd15d4

COCOAPODS: 1.11.2
