// !$*UTF8*$!
{
	archiveVersion = 1;
	classes = {
	};
	objectVersion = 46;
	objects = {

/* Begin PBXBuildFile section */
		5FF92F7C174AD56B003211A0 /* Foundation.framework in Frameworks */ = {isa = PBXBuildFile; fileRef = 5FF92F7B174AD56B003211A0 /* Foundation.framework */; };
		5FF92F8B174AD56B003211A0 /* SenTestingKit.framework in Frameworks */ = {isa = PBXBuildFile; fileRef = 5FF92F8A174AD56B003211A0 /* SenTestingKit.framework */; };
		5FF92F8D174AD56B003211A0 /* UIKit.framework in Frameworks */ = {isa = PBXBuildFile; fileRef = 5FF92F8C174AD56B003211A0 /* UIKit.framework */; };
		5FF92F8E174AD56B003211A0 /* Foundation.framework in Frameworks */ = {isa = PBXBuildFile; fileRef = 5FF92F7B174AD56B003211A0 /* Foundation.framework */; };
		5FF92F91174AD56B003211A0 /* libObject Editor.a in Frameworks */ = {isa = PBXBuildFile; fileRef = 5FF92F78174AD56B003211A0 /* libObject Editor.a */; };
		5FF92F9A174AD56B003211A0 /* Object_EditorTests.m in Sources */ = {isa = PBXBuildFile; fileRef = 5FF92F99174AD56B003211A0 /* Object_EditorTests.m */; };
		5FF92FCA174AD615003211A0 /* NSManagedObject+QEditor.m in Sources */ = {isa = PBXBuildFile; fileRef = 5FF92FA7174AD615003211A0 /* NSManagedObject+QEditor.m */; };
		5FF92FCB174AD615003211A0 /* NSObject+QEditor.m in Sources */ = {isa = PBXBuildFile; fileRef = 5FF92FA9174AD615003211A0 /* NSObject+QEditor.m */; };
		5FF92FCC174AD615003211A0 /* NSObject+QExtension.m in Sources */ = {isa = PBXBuildFile; fileRef = 5FF92FAB174AD615003211A0 /* NSObject+QExtension.m */; };
		5FF92FCD174AD615003211A0 /* NSObject+QProperties.m in Sources */ = {isa = PBXBuildFile; fileRef = 5FF92FAD174AD615003211A0 /* NSObject+QProperties.m */; };
		5FF92FCE174AD615003211A0 /* NSString+QCamelCase.m in Sources */ = {isa = PBXBuildFile; fileRef = 5FF92FAF174AD615003211A0 /* NSString+QCamelCase.m */; };
		5FF92FCF174AD615003211A0 /* QBooleanPropertyEditor.m in Sources */ = {isa = PBXBuildFile; fileRef = 5FF92FB1174AD615003211A0 /* QBooleanPropertyEditor.m */; };
		5FF92FD0174AD615003211A0 /* QButtonPropertyEditor.m in Sources */ = {isa = PBXBuildFile; fileRef = 5FF92FB3174AD615003211A0 /* QButtonPropertyEditor.m */; };
		5FF92FD1174AD615003211A0 /* QDetailPropertyEditor.m in Sources */ = {isa = PBXBuildFile; fileRef = 5FF92FB5174AD615003211A0 /* QDetailPropertyEditor.m */; };
		5FF92FD2174AD615003211A0 /* QFloatPropertyEditor.m in Sources */ = {isa = PBXBuildFile; fileRef = 5FF92FB7174AD615003211A0 /* QFloatPropertyEditor.m */; };
		5FF92FD4174AD615003211A0 /* QObjectEditorViewController.m in Sources */ = {isa = PBXBuildFile; fileRef = 5FF92FBB174AD615003211A0 /* QObjectEditorViewController.m */; };
		5FF92FD5174AD615003211A0 /* QObjectPropertyEditor.m in Sources */ = {isa = PBXBuildFile; fileRef = 5FF92FBD174AD615003211A0 /* QObjectPropertyEditor.m */; };
		5FF92FD6174AD615003211A0 /* QPropertyEditor.m in Sources */ = {isa = PBXBuildFile; fileRef = 5FF92FBF174AD615003211A0 /* QPropertyEditor.m */; };
		5FF92FD7174AD615003211A0 /* QPropertyGroup.m in Sources */ = {isa = PBXBuildFile; fileRef = 5FF92FC1174AD615003211A0 /* QPropertyGroup.m */; };
		5FF92FD9174AD615003211A0 /* QSliderTableViewCell.m in Sources */ = {isa = PBXBuildFile; fileRef = 5FF92FC5174AD615003211A0 /* QSliderTableViewCell.m */; };
		5FF92FDA174AD615003211A0 /* QStringPropertyEditor.m in Sources */ = {isa = PBXBuildFile; fileRef = 5FF92FC7174AD615003211A0 /* QStringPropertyEditor.m */; };
		5FF92FDB174AD615003211A0 /* QTextFieldTableViewCell.m in Sources */ = {isa = PBXBuildFile; fileRef = 5FF92FC9174AD615003211A0 /* QTextFieldTableViewCell.m */; };
/* End PBXBuildFile section */

/* Begin PBXContainerItemProxy section */
		5FF92F8F174AD56B003211A0 /* PBXContainerItemProxy */ = {
			isa = PBXContainerItemProxy;
			containerPortal = 5FF92F70174AD56B003211A0 /* Project object */;
			proxyType = 1;
			remoteGlobalIDString = 5FF92F77174AD56B003211A0;
			remoteInfo = "Object Editor";
		};
/* End PBXContainerItemProxy section */

/* Begin PBXCopyFilesBuildPhase section */
		5FF92F76174AD56B003211A0 /* CopyFiles */ = {
			isa = PBXCopyFilesBuildPhase;
			buildActionMask = 2147483647;
			dstPath = "include/${PRODUCT_NAME}";
			dstSubfolderSpec = 16;
			files = (
			);
			runOnlyForDeploymentPostprocessing = 0;
		};
/* End PBXCopyFilesBuildPhase section */

/* Begin PBXFileReference section */
		5FF92F78174AD56B003211A0 /* libObject Editor.a */ = {isa = PBXFileReference; explicitFileType = archive.ar; includeInIndex = 0; path = "libObject Editor.a"; sourceTree = BUILT_PRODUCTS_DIR; };
		5FF92F7B174AD56B003211A0 /* Foundation.framework */ = {isa = PBXFileReference; lastKnownFileType = wrapper.framework; name = Foundation.framework; path = System/Library/Frameworks/Foundation.framework; sourceTree = SDKROOT; };
		5FF92F7F174AD56B003211A0 /* Object Editor-Prefix.pch */ = {isa = PBXFileReference; lastKnownFileType = sourcecode.c.h; path = "Object Editor-Prefix.pch"; sourceTree = "<group>"; };
		5FF92F89174AD56B003211A0 /* Object EditorTests.octest */ = {isa = PBXFileReference; explicitFileType = wrapper.cfbundle; includeInIndex = 0; path = "Object EditorTests.octest"; sourceTree = BUILT_PRODUCTS_DIR; };
		5FF92F8A174AD56B003211A0 /* SenTestingKit.framework */ = {isa = PBXFileReference; lastKnownFileType = wrapper.framework; name = SenTestingKit.framework; path = Library/Frameworks/SenTestingKit.framework; sourceTree = DEVELOPER_DIR; };
		5FF92F8C174AD56B003211A0 /* UIKit.framework */ = {isa = PBXFileReference; lastKnownFileType = wrapper.framework; name = UIKit.framework; path = Library/Frameworks/UIKit.framework; sourceTree = DEVELOPER_DIR; };
		5FF92F98174AD56B003211A0 /* Object_EditorTests.h */ = {isa = PBXFileReference; lastKnownFileType = sourcecode.c.h; path = Object_EditorTests.h; sourceTree = "<group>"; };
		5FF92F99174AD56B003211A0 /* Object_EditorTests.m */ = {isa = PBXFileReference; lastKnownFileType = sourcecode.c.objc; path = Object_EditorTests.m; sourceTree = "<group>"; };
		5FF92FA6174AD615003211A0 /* NSManagedObject+QEditor.h */ = {isa = PBXFileReference; fileEncoding = 4; lastKnownFileType = sourcecode.c.h; path = "NSManagedObject+QEditor.h"; sourceTree = "<group>"; };
		5FF92FA7174AD615003211A0 /* NSManagedObject+QEditor.m */ = {isa = PBXFileReference; fileEncoding = 4; lastKnownFileType = sourcecode.c.objc; path = "NSManagedObject+QEditor.m"; sourceTree = "<group>"; };
		5FF92FA8174AD615003211A0 /* NSObject+QEditor.h */ = {isa = PBXFileReference; fileEncoding = 4; lastKnownFileType = sourcecode.c.h; path = "NSObject+QEditor.h"; sourceTree = "<group>"; };
		5FF92FA9174AD615003211A0 /* NSObject+QEditor.m */ = {isa = PBXFileReference; fileEncoding = 4; lastKnownFileType = sourcecode.c.objc; path = "NSObject+QEditor.m"; sourceTree = "<group>"; };
		5FF92FAA174AD615003211A0 /* NSObject+QExtension.h */ = {isa = PBXFileReference; fileEncoding = 4; lastKnownFileType = sourcecode.c.h; path = "NSObject+QExtension.h"; sourceTree = "<group>"; };
		5FF92FAB174AD615003211A0 /* NSObject+QExtension.m */ = {isa = PBXFileReference; fileEncoding = 4; lastKnownFileType = sourcecode.c.objc; path = "NSObject+QExtension.m"; sourceTree = "<group>"; };
		5FF92FAC174AD615003211A0 /* NSObject+QProperties.h */ = {isa = PBXFileReference; fileEncoding = 4; lastKnownFileType = sourcecode.c.h; path = "NSObject+QProperties.h"; sourceTree = "<group>"; };
		5FF92FAD174AD615003211A0 /* NSObject+QProperties.m */ = {isa = PBXFileReference; fileEncoding = 4; lastKnownFileType = sourcecode.c.objc; path = "NSObject+QProperties.m"; sourceTree = "<group>"; };
		5FF92FAE174AD615003211A0 /* NSString+QCamelCase.h */ = {isa = PBXFileReference; fileEncoding = 4; lastKnownFileType = sourcecode.c.h; path = "NSString+QCamelCase.h"; sourceTree = "<group>"; };
		5FF92FAF174AD615003211A0 /* NSString+QCamelCase.m */ = {isa = PBXFileReference; fileEncoding = 4; lastKnownFileType = sourcecode.c.objc; path = "NSString+QCamelCase.m"; sourceTree = "<group>"; };
		5FF92FB0174AD615003211A0 /* QBooleanPropertyEditor.h */ = {isa = PBXFileReference; fileEncoding = 4; lastKnownFileType = sourcecode.c.h; path = QBooleanPropertyEditor.h; sourceTree = "<group>"; };
		5FF92FB1174AD615003211A0 /* QBooleanPropertyEditor.m */ = {isa = PBXFileReference; fileEncoding = 4; lastKnownFileType = sourcecode.c.objc; path = QBooleanPropertyEditor.m; sourceTree = "<group>"; };
		5FF92FB2174AD615003211A0 /* QButtonPropertyEditor.h */ = {isa = PBXFileReference; fileEncoding = 4; lastKnownFileType = sourcecode.c.h; path = QButtonPropertyEditor.h; sourceTree = "<group>"; };
		5FF92FB3174AD615003211A0 /* QButtonPropertyEditor.m */ = {isa = PBXFileReference; fileEncoding = 4; lastKnownFileType = sourcecode.c.objc; path = QButtonPropertyEditor.m; sourceTree = "<group>"; };
		5FF92FB4174AD615003211A0 /* QDetailPropertyEditor.h */ = {isa = PBXFileReference; fileEncoding = 4; lastKnownFileType = sourcecode.c.h; path = QDetailPropertyEditor.h; sourceTree = "<group>"; };
		5FF92FB5174AD615003211A0 /* QDetailPropertyEditor.m */ = {isa = PBXFileReference; fileEncoding = 4; lastKnownFileType = sourcecode.c.objc; path = QDetailPropertyEditor.m; sourceTree = "<group>"; };
		5FF92FB6174AD615003211A0 /* QFloatPropertyEditor.h */ = {isa = PBXFileReference; fileEncoding = 4; lastKnownFileType = sourcecode.c.h; path = QFloatPropertyEditor.h; sourceTree = "<group>"; };
		5FF92FB7174AD615003211A0 /* QFloatPropertyEditor.m */ = {isa = PBXFileReference; fileEncoding = 4; lastKnownFileType = sourcecode.c.objc; path = QFloatPropertyEditor.m; sourceTree = "<group>"; };
		5FF92FBA174AD615003211A0 /* QObjectEditorViewController.h */ = {isa = PBXFileReference; fileEncoding = 4; lastKnownFileType = sourcecode.c.h; path = QObjectEditorViewController.h; sourceTree = "<group>"; };
		5FF92FBB174AD615003211A0 /* QObjectEditorViewController.m */ = {isa = PBXFileReference; fileEncoding = 4; lastKnownFileType = sourcecode.c.objc; path = QObjectEditorViewController.m; sourceTree = "<group>"; };
		5FF92FBC174AD615003211A0 /* QObjectPropertyEditor.h */ = {isa = PBXFileReference; fileEncoding = 4; lastKnownFileType = sourcecode.c.h; path = QObjectPropertyEditor.h; sourceTree = "<group>"; };
		5FF92FBD174AD615003211A0 /* QObjectPropertyEditor.m */ = {isa = PBXFileReference; fileEncoding = 4; lastKnownFileType = sourcecode.c.objc; path = QObjectPropertyEditor.m; sourceTree = "<group>"; };
		5FF92FBE174AD615003211A0 /* QPropertyEditor.h */ = {isa = PBXFileReference; fileEncoding = 4; lastKnownFileType = sourcecode.c.h; path = QPropertyEditor.h; sourceTree = "<group>"; };
		5FF92FBF174AD615003211A0 /* QPropertyEditor.m */ = {isa = PBXFileReference; fileEncoding = 4; lastKnownFileType = sourcecode.c.objc; path = QPropertyEditor.m; sourceTree = "<group>"; };
		5FF92FC0174AD615003211A0 /* QPropertyGroup.h */ = {isa = PBXFileReference; fileEncoding = 4; lastKnownFileType = sourcecode.c.h; path = QPropertyGroup.h; sourceTree = "<group>"; };
		5FF92FC1174AD615003211A0 /* QPropertyGroup.m */ = {isa = PBXFileReference; fileEncoding = 4; lastKnownFileType = sourcecode.c.objc; path = QPropertyGroup.m; sourceTree = "<group>"; };
		5FF92FC4174AD615003211A0 /* QSliderTableViewCell.h */ = {isa = PBXFileReference; fileEncoding = 4; lastKnownFileType = sourcecode.c.h; path = QSliderTableViewCell.h; sourceTree = "<group>"; };
		5FF92FC5174AD615003211A0 /* QSliderTableViewCell.m */ = {isa = PBXFileReference; fileEncoding = 4; lastKnownFileType = sourcecode.c.objc; path = QSliderTableViewCell.m; sourceTree = "<group>"; };
		5FF92FC6174AD615003211A0 /* QStringPropertyEditor.h */ = {isa = PBXFileReference; fileEncoding = 4; lastKnownFileType = sourcecode.c.h; path = QStringPropertyEditor.h; sourceTree = "<group>"; };
		5FF92FC7174AD615003211A0 /* QStringPropertyEditor.m */ = {isa = PBXFileReference; fileEncoding = 4; lastKnownFileType = sourcecode.c.objc; path = QStringPropertyEditor.m; sourceTree = "<group>"; };
		5FF92FC8174AD615003211A0 /* QTextFieldTableViewCell.h */ = {isa = PBXFileReference; fileEncoding = 4; lastKnownFileType = sourcecode.c.h; path = QTextFieldTableViewCell.h; sourceTree = "<group>"; };
		5FF92FC9174AD615003211A0 /* QTextFieldTableViewCell.m */ = {isa = PBXFileReference; fileEncoding = 4; lastKnownFileType = sourcecode.c.objc; path = QTextFieldTableViewCell.m; sourceTree = "<group>"; };
		5FF92FE0174ADB26003211A0 /* Object EditorTests-Info.plist */ = {isa = PBXFileReference; fileEncoding = 4; lastKnownFileType = text.plist.xml; path = "Object EditorTests-Info.plist"; sourceTree = "<group>"; };
/* End PBXFileReference section */

/* Begin PBXFrameworksBuildPhase section */
		5FF92F75174AD56B003211A0 /* Frameworks */ = {
			isa = PBXFrameworksBuildPhase;
			buildActionMask = 2147483647;
			files = (
				5FF92F7C174AD56B003211A0 /* Foundation.framework in Frameworks */,
			);
			runOnlyForDeploymentPostprocessing = 0;
		};
		5FF92F85174AD56B003211A0 /* Frameworks */ = {
			isa = PBXFrameworksBuildPhase;
			buildActionMask = 2147483647;
			files = (
				5FF92F8B174AD56B003211A0 /* SenTestingKit.framework in Frameworks */,
				5FF92F8D174AD56B003211A0 /* UIKit.framework in Frameworks */,
				5FF92F8E174AD56B003211A0 /* Foundation.framework in Frameworks */,
				5FF92F91174AD56B003211A0 /* libObject Editor.a in Frameworks */,
			);
			runOnlyForDeploymentPostprocessing = 0;
		};
/* End PBXFrameworksBuildPhase section */

/* Begin PBXGroup section */
		5FF92F6F174AD56B003211A0 = {
			isa = PBXGroup;
			children = (
				5FF92FA3174AD5B6003211A0 /* src */,
				5FF92F7A174AD56B003211A0 /* Frameworks */,
				5FF92F79174AD56B003211A0 /* Products */,
			);
			sourceTree = "<group>";
		};
		5FF92F79174AD56B003211A0 /* Products */ = {
			isa = PBXGroup;
			children = (
				5FF92F78174AD56B003211A0 /* libObject Editor.a */,
				5FF92F89174AD56B003211A0 /* Object EditorTests.octest */,
			);
			name = Products;
			sourceTree = "<group>";
		};
		5FF92F7A174AD56B003211A0 /* Frameworks */ = {
			isa = PBXGroup;
			children = (
				5FF92F7B174AD56B003211A0 /* Foundation.framework */,
				5FF92F8A174AD56B003211A0 /* SenTestingKit.framework */,
				5FF92F8C174AD56B003211A0 /* UIKit.framework */,
			);
			name = Frameworks;
			sourceTree = "<group>";
		};
		5FF92FA3174AD5B6003211A0 /* src */ = {
			isa = PBXGroup;
			children = (
				5FF92FDC174AD888003211A0 /* test */,
				5FF92FA4174AD5B6003211A0 /* main */,
			);
			path = src;
			sourceTree = "<group>";
		};
		5FF92FA4174AD5B6003211A0 /* main */ = {
			isa = PBXGroup;
			children = (
				5FF92FA5174AD5B6003211A0 /* objc */,
			);
			path = main;
			sourceTree = "<group>";
		};
		5FF92FA5174AD5B6003211A0 /* objc */ = {
			isa = PBXGroup;
			children = (
				5FF92F7F174AD56B003211A0 /* Object Editor-Prefix.pch */,
				5FF92FA6174AD615003211A0 /* NSManagedObject+QEditor.h */,
				5FF92FA7174AD615003211A0 /* NSManagedObject+QEditor.m */,
				5FF92FA8174AD615003211A0 /* NSObject+QEditor.h */,
				5FF92FA9174AD615003211A0 /* NSObject+QEditor.m */,
				5FF92FAA174AD615003211A0 /* NSObject+QExtension.h */,
				5FF92FAB174AD615003211A0 /* NSObject+QExtension.m */,
				5FF92FAC174AD615003211A0 /* NSObject+QProperties.h */,
				5FF92FAD174AD615003211A0 /* NSObject+QProperties.m */,
				5FF92FAE174AD615003211A0 /* NSString+QCamelCase.h */,
				5FF92FAF174AD615003211A0 /* NSString+QCamelCase.m */,
				5FF92FB0174AD615003211A0 /* QBooleanPropertyEditor.h */,
				5FF92FB1174AD615003211A0 /* QBooleanPropertyEditor.m */,
				5FF92FB2174AD615003211A0 /* QButtonPropertyEditor.h */,
				5FF92FB3174AD615003211A0 /* QButtonPropertyEditor.m */,
				5FF92FB4174AD615003211A0 /* QDetailPropertyEditor.h */,
				5FF92FB5174AD615003211A0 /* QDetailPropertyEditor.m */,
				5FF92FB6174AD615003211A0 /* QFloatPropertyEditor.h */,
				5FF92FB7174AD615003211A0 /* QFloatPropertyEditor.m */,
				5FF92FBA174AD615003211A0 /* QObjectEditorViewController.h */,
				5FF92FBB174AD615003211A0 /* QObjectEditorViewController.m */,
				5FF92FBC174AD615003211A0 /* QObjectPropertyEditor.h */,
				5FF92FBD174AD615003211A0 /* QObjectPropertyEditor.m */,
				5FF92FBE174AD615003211A0 /* QPropertyEditor.h */,
				5FF92FBF174AD615003211A0 /* QPropertyEditor.m */,
				5FF92FC0174AD615003211A0 /* QPropertyGroup.h */,
				5FF92FC1174AD615003211A0 /* QPropertyGroup.m */,
				5FF92FC4174AD615003211A0 /* QSliderTableViewCell.h */,
				5FF92FC5174AD615003211A0 /* QSliderTableViewCell.m */,
				5FF92FC6174AD615003211A0 /* QStringPropertyEditor.h */,
				5FF92FC7174AD615003211A0 /* QStringPropertyEditor.m */,
				5FF92FC8174AD615003211A0 /* QTextFieldTableViewCell.h */,
				5FF92FC9174AD615003211A0 /* QTextFieldTableViewCell.m */,
			);
			path = objc;
			sourceTree = "<group>";
		};
		5FF92FDC174AD888003211A0 /* test */ = {
			isa = PBXGroup;
			children = (
				5FF92FDE174AD90F003211A0 /* config */,
				5FF92FDD174AD888003211A0 /* objc */,
			);
			path = test;
			sourceTree = "<group>";
		};
		5FF92FDD174AD888003211A0 /* objc */ = {
			isa = PBXGroup;
			children = (
				5FF92F98174AD56B003211A0 /* Object_EditorTests.h */,
				5FF92F99174AD56B003211A0 /* Object_EditorTests.m */,
			);
			path = objc;
			sourceTree = "<group>";
		};
		5FF92FDE174AD90F003211A0 /* config */ = {
			isa = PBXGroup;
			children = (
				5FF92FE0174ADB26003211A0 /* Object EditorTests-Info.plist */,
			);
			path = config;
			sourceTree = "<group>";
		};
/* End PBXGroup section */

/* Begin PBXNativeTarget section */
		5FF92F77174AD56B003211A0 /* Object Editor */ = {
			isa = PBXNativeTarget;
			buildConfigurationList = 5FF92F9D174AD56B003211A0 /* Build configuration list for PBXNativeTarget "Object Editor" */;
			buildPhases = (
				5FF92F74174AD56B003211A0 /* Sources */,
				5FF92F75174AD56B003211A0 /* Frameworks */,
				5FF92F76174AD56B003211A0 /* CopyFiles */,
			);
			buildRules = (
			);
			dependencies = (
			);
			name = "Object Editor";
			productName = "Object Editor";
			productReference = 5FF92F78174AD56B003211A0 /* libObject Editor.a */;
			productType = "com.apple.product-type.library.static";
		};
		5FF92F88174AD56B003211A0 /* Object EditorTests */ = {
			isa = PBXNativeTarget;
			buildConfigurationList = 5FF92FA0174AD56B003211A0 /* Build configuration list for PBXNativeTarget "Object EditorTests" */;
			buildPhases = (
				5FF92F84174AD56B003211A0 /* Sources */,
				5FF92F85174AD56B003211A0 /* Frameworks */,
				5FF92F86174AD56B003211A0 /* Resources */,
				5FF92F87174AD56B003211A0 /* ShellScript */,
			);
			buildRules = (
			);
			dependencies = (
				5FF92F90174AD56B003211A0 /* PBXTargetDependency */,
			);
			name = "Object EditorTests";
			productName = "Object EditorTests";
			productReference = 5FF92F89174AD56B003211A0 /* Object EditorTests.octest */;
			productType = "com.apple.product-type.bundle";
		};
/* End PBXNativeTarget section */

/* Begin PBXProject section */
		5FF92F70174AD56B003211A0 /* Project object */ = {
			isa = PBXProject;
			attributes = {
				LastUpgradeCheck = 0460;
				ORGANIZATIONNAME = "Reaction Software Inc.";
			};
			buildConfigurationList = 5FF92F73174AD56B003211A0 /* Build configuration list for PBXProject "Object Editor" */;
			compatibilityVersion = "Xcode 3.2";
			developmentRegion = English;
			hasScannedForEncodings = 0;
			knownRegions = (
				en,
			);
			mainGroup = 5FF92F6F174AD56B003211A0;
			productRefGroup = 5FF92F79174AD56B003211A0 /* Products */;
			projectDirPath = "";
			projectRoot = "";
			targets = (
				5FF92F77174AD56B003211A0 /* Object Editor */,
				5FF92F88174AD56B003211A0 /* Object EditorTests */,
			);
		};
/* End PBXProject section */

/* Begin PBXResourcesBuildPhase section */
		5FF92F86174AD56B003211A0 /* Resources */ = {
			isa = PBXResourcesBuildPhase;
			buildActionMask = 2147483647;
			files = (
			);
			runOnlyForDeploymentPostprocessing = 0;
		};
/* End PBXResourcesBuildPhase section */

/* Begin PBXShellScriptBuildPhase section */
		5FF92F87174AD56B003211A0 /* ShellScript */ = {
			isa = PBXShellScriptBuildPhase;
			buildActionMask = 2147483647;
			files = (
			);
			inputPaths = (
			);
			outputPaths = (
			);
			runOnlyForDeploymentPostprocessing = 0;
			shellPath = /bin/sh;
			shellScript = "# Run the unit tests in this test bundle.\n\"${SYSTEM_DEVELOPER_DIR}/Tools/RunUnitTests\"\n";
		};
/* End PBXShellScriptBuildPhase section */

/* Begin PBXSourcesBuildPhase section */
		5FF92F74174AD56B003211A0 /* Sources */ = {
			isa = PBXSourcesBuildPhase;
			buildActionMask = 2147483647;
			files = (
				5FF92FCA174AD615003211A0 /* NSManagedObject+QEditor.m in Sources */,
				5FF92FCB174AD615003211A0 /* NSObject+QEditor.m in Sources */,
				5FF92FCC174AD615003211A0 /* NSObject+QExtension.m in Sources */,
				5FF92FCD174AD615003211A0 /* NSObject+QProperties.m in Sources */,
				5FF92FCE174AD615003211A0 /* NSString+QCamelCase.m in Sources */,
				5FF92FCF174AD615003211A0 /* QBooleanPropertyEditor.m in Sources */,
				5FF92FD0174AD615003211A0 /* QButtonPropertyEditor.m in Sources */,
				5FF92FD1174AD615003211A0 /* QDetailPropertyEditor.m in Sources */,
				5FF92FD2174AD615003211A0 /* QFloatPropertyEditor.m in Sources */,
				5FF92FD4174AD615003211A0 /* QObjectEditorViewController.m in Sources */,
				5FF92FD5174AD615003211A0 /* QObjectPropertyEditor.m in Sources */,
				5FF92FD6174AD615003211A0 /* QPropertyEditor.m in Sources */,
				5FF92FD7174AD615003211A0 /* QPropertyGroup.m in Sources */,
				5FF92FD9174AD615003211A0 /* QSliderTableViewCell.m in Sources */,
				5FF92FDA174AD615003211A0 /* QStringPropertyEditor.m in Sources */,
				5FF92FDB174AD615003211A0 /* QTextFieldTableViewCell.m in Sources */,
			);
			runOnlyForDeploymentPostprocessing = 0;
		};
		5FF92F84174AD56B003211A0 /* Sources */ = {
			isa = PBXSourcesBuildPhase;
			buildActionMask = 2147483647;
			files = (
				5FF92F9A174AD56B003211A0 /* Object_EditorTests.m in Sources */,
			);
			runOnlyForDeploymentPostprocessing = 0;
		};
/* End PBXSourcesBuildPhase section */

/* Begin PBXTargetDependency section */
		5FF92F90174AD56B003211A0 /* PBXTargetDependency */ = {
			isa = PBXTargetDependency;
			target = 5FF92F77174AD56B003211A0 /* Object Editor */;
			targetProxy = 5FF92F8F174AD56B003211A0 /* PBXContainerItemProxy */;
		};
/* End PBXTargetDependency section */

/* Begin XCBuildConfiguration section */
		5FF92F9B174AD56B003211A0 /* Debug */ = {
			isa = XCBuildConfiguration;
			buildSettings = {
				ALWAYS_SEARCH_USER_PATHS = NO;
				CLANG_CXX_LANGUAGE_STANDARD = "gnu++0x";
				CLANG_CXX_LIBRARY = "libc++";
				CLANG_ENABLE_OBJC_ARC = YES;
				CLANG_WARN_CONSTANT_CONVERSION = YES;
				CLANG_WARN_EMPTY_BODY = YES;
				CLANG_WARN_ENUM_CONVERSION = YES;
				CLANG_WARN_INT_CONVERSION = YES;
				CLANG_WARN__DUPLICATE_METHOD_MATCH = YES;
				COPY_PHASE_STRIP = NO;
				GCC_C_LANGUAGE_STANDARD = gnu99;
				GCC_DYNAMIC_NO_PIC = NO;
				GCC_OPTIMIZATION_LEVEL = 0;
				GCC_PREPROCESSOR_DEFINITIONS = (
					"DEBUG=1",
					"$(inherited)",
				);
				GCC_SYMBOLS_PRIVATE_EXTERN = NO;
				GCC_WARN_ABOUT_RETURN_TYPE = YES;
				GCC_WARN_UNINITIALIZED_AUTOS = YES;
				GCC_WARN_UNUSED_VARIABLE = YES;
				IPHONEOS_DEPLOYMENT_TARGET = 6.1;
				ONLY_ACTIVE_ARCH = YES;
				SDKROOT = iphoneos;
			};
			name = Debug;
		};
		5FF92F9C174AD56B003211A0 /* Release */ = {
			isa = XCBuildConfiguration;
			buildSettings = {
				ALWAYS_SEARCH_USER_PATHS = NO;
				CLANG_CXX_LANGUAGE_STANDARD = "gnu++0x";
				CLANG_CXX_LIBRARY = "libc++";
				CLANG_ENABLE_OBJC_ARC = YES;
				CLANG_WARN_CONSTANT_CONVERSION = YES;
				CLANG_WARN_EMPTY_BODY = YES;
				CLANG_WARN_ENUM_CONVERSION = YES;
				CLANG_WARN_INT_CONVERSION = YES;
				CLANG_WARN__DUPLICATE_METHOD_MATCH = YES;
				COPY_PHASE_STRIP = YES;
				GCC_C_LANGUAGE_STANDARD = gnu99;
				GCC_WARN_ABOUT_RETURN_TYPE = YES;
				GCC_WARN_UNINITIALIZED_AUTOS = YES;
				GCC_WARN_UNUSED_VARIABLE = YES;
				IPHONEOS_DEPLOYMENT_TARGET = 6.1;
				SDKROOT = iphoneos;
				VALIDATE_PRODUCT = YES;
			};
			name = Release;
		};
		5FF92F9E174AD56B003211A0 /* Debug */ = {
			isa = XCBuildConfiguration;
			buildSettings = {
				DSTROOT = /tmp/Object_Editor.dst;
				GCC_PRECOMPILE_PREFIX_HEADER = YES;
				GCC_PREFIX_HEADER = "src/main/objc/Object Editor-Prefix.pch";
				OTHER_LDFLAGS = "-ObjC";
				PRODUCT_NAME = "$(TARGET_NAME)";
				SKIP_INSTALL = YES;
			};
			name = Debug;
		};
		5FF92F9F174AD56B003211A0 /* Release */ = {
			isa = XCBuildConfiguration;
			buildSettings = {
				DSTROOT = /tmp/Object_Editor.dst;
				GCC_PRECOMPILE_PREFIX_HEADER = YES;
				GCC_PREFIX_HEADER = "src/main/objc/Object Editor-Prefix.pch";
				OTHER_LDFLAGS = "-ObjC";
				PRODUCT_NAME = "$(TARGET_NAME)";
				SKIP_INSTALL = YES;
			};
			name = Release;
		};
		5FF92FA1174AD56B003211A0 /* Debug */ = {
			isa = XCBuildConfiguration;
			buildSettings = {
				FRAMEWORK_SEARCH_PATHS = (
					"\"$(SDKROOT)/Developer/Library/Frameworks\"",
					"\"$(DEVELOPER_LIBRARY_DIR)/Frameworks\"",
				);
				GCC_PRECOMPILE_PREFIX_HEADER = YES;
				GCC_PREFIX_HEADER = "src/main/objc/Object Editor-Prefix.pch";
				INFOPLIST_FILE = "src/test/config/Object EditorTests-Info.plist";
				PRODUCT_NAME = "$(TARGET_NAME)";
				WRAPPER_EXTENSION = octest;
			};
			name = Debug;
		};
		5FF92FA2174AD56B003211A0 /* Release */ = {
			isa = XCBuildConfiguration;
			buildSettings = {
				FRAMEWORK_SEARCH_PATHS = (
					"\"$(SDKROOT)/Developer/Library/Frameworks\"",
					"\"$(DEVELOPER_LIBRARY_DIR)/Frameworks\"",
				);
				GCC_PRECOMPILE_PREFIX_HEADER = YES;
				GCC_PREFIX_HEADER = "src/main/objc/Object Editor-Prefix.pch";
				INFOPLIST_FILE = "src/test/config/Object EditorTests-Info.plist";
				PRODUCT_NAME = "$(TARGET_NAME)";
				WRAPPER_EXTENSION = octest;
			};
			name = Release;
		};
/* End XCBuildConfiguration section */

/* Begin XCConfigurationList section */
		5FF92F73174AD56B003211A0 /* Build configuration list for PBXProject "Object Editor" */ = {
			isa = XCConfigurationList;
			buildConfigurations = (
				5FF92F9B174AD56B003211A0 /* Debug */,
				5FF92F9C174AD56B003211A0 /* Release */,
			);
			defaultConfigurationIsVisible = 0;
			defaultConfigurationName = Release;
		};
		5FF92F9D174AD56B003211A0 /* Build configuration list for PBXNativeTarget "Object Editor" */ = {
			isa = XCConfigurationList;
			buildConfigurations = (
				5FF92F9E174AD56B003211A0 /* Debug */,
				5FF92F9F174AD56B003211A0 /* Release */,
			);
			defaultConfigurationIsVisible = 0;
			defaultConfigurationName = Release;
		};
		5FF92FA0174AD56B003211A0 /* Build configuration list for PBXNativeTarget "Object EditorTests" */ = {
			isa = XCConfigurationList;
			buildConfigurations = (
				5FF92FA1174AD56B003211A0 /* Debug */,
				5FF92FA2174AD56B003211A0 /* Release */,
			);
			defaultConfigurationIsVisible = 0;
			defaultConfigurationName = Release;
		};
/* End XCConfigurationList section */
	};
	rootObject = 5FF92F70174AD56B003211A0 /* Project object */;
}
