// !$*UTF8*$!
{
	archiveVersion = 1;
	classes = {
	};
	objectVersion = 46;
	objects = {

/* Begin PBXBuildFile section */
		5F0170DD227B4940003E81F4 /* RSForm.m in Sources */ = {isa = PBXBuildFile; fileRef = 5F0170DC227B4940003E81F4 /* RSForm.m */; };
		5F0CE80F226E5F04000465AB /* RSPropertyViewer.m in Sources */ = {isa = PBXBuildFile; fileRef = 5F0CE80E226E5F04000465AB /* RSPropertyViewer.m */; };
		5F352F64178E0EBA006D263B /* RSAutocompleteCell.m in Sources */ = {isa = PBXBuildFile; fileRef = 5F352F63178E0EBA006D263B /* RSAutocompleteCell.m */; };
		5F352F67178E0FD6006D263B /* RSAutocompleteInputAccessoryView.m in Sources */ = {isa = PBXBuildFile; fileRef = 5F352F66178E0FD6006D263B /* RSAutocompleteInputAccessoryView.m */; };
		5F352F6A178E15FA006D263B /* RSArrayAutocompleteSource.m in Sources */ = {isa = PBXBuildFile; fileRef = 5F352F69178E15F9006D263B /* RSArrayAutocompleteSource.m */; };
		5F4E1075175D0D8D0025BC1D /* RSTextInputPropertyEditor.m in Sources */ = {isa = PBXBuildFile; fileRef = 5F4E1074175D0D8C0025BC1D /* RSTextInputPropertyEditor.m */; };
		5F4E107D175D34680025BC1D /* RSNumberPropertyEditor.m in Sources */ = {isa = PBXBuildFile; fileRef = 5F4E107C175D34670025BC1D /* RSNumberPropertyEditor.m */; };
		5F4E909F2279EE16005EAAA3 /* RSFormItem.m in Sources */ = {isa = PBXBuildFile; fileRef = 5F4E909E2279EE16005EAAA3 /* RSFormItem.m */; };
		5F4E90A22279EE6E005EAAA3 /* RSPropertyFormItem.m in Sources */ = {isa = PBXBuildFile; fileRef = 5F4E90A12279EE6E005EAAA3 /* RSPropertyFormItem.m */; };
		5F574636226A45E300E14770 /* RSBaseTableViewCell.m in Sources */ = {isa = PBXBuildFile; fileRef = 5F574635226A45E300E14770 /* RSBaseTableViewCell.m */; };
		5F57463D226A739A00E14770 /* RSFormLibrary.m in Sources */ = {isa = PBXBuildFile; fileRef = 5F57463C226A739A00E14770 /* RSFormLibrary.m */; };
		5F6087F01ACDEB5D00E0ED97 /* RSFetchRequestAutocompleteSource.m in Sources */ = {isa = PBXBuildFile; fileRef = 5F6087EF1ACDEB5D00E0ED97 /* RSFetchRequestAutocompleteSource.m */; };
		5FB00B3C2267C6B8007383B6 /* RSButtonTableViewCell.m in Sources */ = {isa = PBXBuildFile; fileRef = 5FB00B3A2267C6B8007383B6 /* RSButtonTableViewCell.m */; };
		5FB00B402267E1FF007383B6 /* RSLabelTableViewCell.m in Sources */ = {isa = PBXBuildFile; fileRef = 5FB00B3E2267E1FF007383B6 /* RSLabelTableViewCell.m */; };
		5FD357CD2267872F0080E0F0 /* RSDetailTableViewCell.m in Sources */ = {isa = PBXBuildFile; fileRef = 5FD357CB2267872F0080E0F0 /* RSDetailTableViewCell.m */; };
		5FD357D22267BF030080E0F0 /* RSSwitchTableViewCell.m in Sources */ = {isa = PBXBuildFile; fileRef = 5FD357D02267BF030080E0F0 /* RSSwitchTableViewCell.m */; };
		5FF92F7C174AD56B003211A0 /* Foundation.framework in Frameworks */ = {isa = PBXBuildFile; fileRef = 5FF92F7B174AD56B003211A0 /* Foundation.framework */; };
		5FF92FCA174AD615003211A0 /* NSManagedObject+RSForm.m in Sources */ = {isa = PBXBuildFile; fileRef = 5FF92FA7174AD615003211A0 /* NSManagedObject+RSForm.m */; };
		5FF92FCB174AD615003211A0 /* NSObject+RSForm.m in Sources */ = {isa = PBXBuildFile; fileRef = 5FF92FA9174AD615003211A0 /* NSObject+RSForm.m */; };
		5FF92FCD174AD615003211A0 /* NSObject+RSProperties.m in Sources */ = {isa = PBXBuildFile; fileRef = 5FF92FAD174AD615003211A0 /* NSObject+RSProperties.m */; };
		5FF92FCE174AD615003211A0 /* NSString+RSCamelCase.m in Sources */ = {isa = PBXBuildFile; fileRef = 5FF92FAF174AD615003211A0 /* NSString+RSCamelCase.m */; };
		5FF92FCF174AD615003211A0 /* RSBooleanPropertyEditor.m in Sources */ = {isa = PBXBuildFile; fileRef = 5FF92FB1174AD615003211A0 /* RSBooleanPropertyEditor.m */; };
		5FF92FD0174AD615003211A0 /* RSFormButton.m in Sources */ = {isa = PBXBuildFile; fileRef = 5FF92FB3174AD615003211A0 /* RSFormButton.m */; };
		5FF92FD1174AD615003211A0 /* RSFormNavigation.m in Sources */ = {isa = PBXBuildFile; fileRef = 5FF92FB5174AD615003211A0 /* RSFormNavigation.m */; };
		5FF92FD2174AD615003211A0 /* RSFloatPropertyEditor.m in Sources */ = {isa = PBXBuildFile; fileRef = 5FF92FB7174AD615003211A0 /* RSFloatPropertyEditor.m */; };
		5FF92FD4174AD615003211A0 /* RSFormViewController.m in Sources */ = {isa = PBXBuildFile; fileRef = 5FF92FBB174AD615003211A0 /* RSFormViewController.m */; };
		5FF92FD5174AD615003211A0 /* RSObjectPropertyEditor.m in Sources */ = {isa = PBXBuildFile; fileRef = 5FF92FBD174AD615003211A0 /* RSObjectPropertyEditor.m */; };
		5FF92FD7174AD615003211A0 /* RSFormSection.m in Sources */ = {isa = PBXBuildFile; fileRef = 5FF92FC1174AD615003211A0 /* RSFormSection.m */; };
		5FF92FD9174AD615003211A0 /* RSSliderTableViewCell.m in Sources */ = {isa = PBXBuildFile; fileRef = 5FF92FC5174AD615003211A0 /* RSSliderTableViewCell.m */; };
		5FF92FDB174AD615003211A0 /* RSTextFieldTableViewCell.m in Sources */ = {isa = PBXBuildFile; fileRef = 5FF92FC9174AD615003211A0 /* RSTextFieldTableViewCell.m */; };
		5FFA667E1BB601CC00D9014D /* main.m in Sources */ = {isa = PBXBuildFile; fileRef = 5FFA667D1BB601CC00D9014D /* main.m */; };
		5FFA66811BB601CC00D9014D /* AppDelegate.m in Sources */ = {isa = PBXBuildFile; fileRef = 5FFA66801BB601CC00D9014D /* AppDelegate.m */; };
		5FFA66841BB601CC00D9014D /* ViewController.m in Sources */ = {isa = PBXBuildFile; fileRef = 5FFA66831BB601CC00D9014D /* ViewController.m */; };
		5FFA66871BB601CC00D9014D /* Main.storyboard in Resources */ = {isa = PBXBuildFile; fileRef = 5FFA66851BB601CC00D9014D /* Main.storyboard */; };
		5FFA66891BB601CC00D9014D /* Assets.xcassets in Resources */ = {isa = PBXBuildFile; fileRef = 5FFA66881BB601CC00D9014D /* Assets.xcassets */; };
		5FFA668C1BB601CC00D9014D /* LaunchScreen.storyboard in Resources */ = {isa = PBXBuildFile; fileRef = 5FFA668A1BB601CC00D9014D /* LaunchScreen.storyboard */; };
		5FFA66951BB606D200D9014D /* ModelObject.m in Sources */ = {isa = PBXBuildFile; fileRef = 5FFA66941BB606D200D9014D /* ModelObject.m */; };
		5FFA669C1BB60B8700D9014D /* CoreData.framework in Frameworks */ = {isa = PBXBuildFile; fileRef = 5FFA669B1BB60B8700D9014D /* CoreData.framework */; };
		6C4934F570BBFB24CBD01E9E /* libPods-Object Editor.a in Frameworks */ = {isa = PBXBuildFile; fileRef = 0511A1A8EBB18D1B2A777D0D /* libPods-Object Editor.a */; };
		EF94C1400B155D2936F36B99 /* libPods-Demo.a in Frameworks */ = {isa = PBXBuildFile; fileRef = A6D632B2516213D5AC44C93D /* libPods-Demo.a */; };
/* End PBXBuildFile section */

/* Begin PBXCopyFilesBuildPhase section */
		5FF92F76174AD56B003211A0 /* CopyFiles */ = {
			isa = PBXCopyFilesBuildPhase;
			buildActionMask = 2147483647;
			dstPath = "include/${PRODUCT_NAME}";
			dstSubfolderSpec = 16;
			files = (
			);
			runOnlyForDeploymentPostprocessing = 0;
		};
/* End PBXCopyFilesBuildPhase section */

/* Begin PBXFileReference section */
		0511A1A8EBB18D1B2A777D0D /* libPods-Object Editor.a */ = {isa = PBXFileReference; explicitFileType = archive.ar; includeInIndex = 0; path = "libPods-Object Editor.a"; sourceTree = BUILT_PRODUCTS_DIR; };
		14E09896A55D8B8FC9F53215 /* Pods-Object Editor.debug.xcconfig */ = {isa = PBXFileReference; includeInIndex = 1; lastKnownFileType = text.xcconfig; name = "Pods-Object Editor.debug.xcconfig"; path = "Pods/Target Support Files/Pods-Object Editor/Pods-Object Editor.debug.xcconfig"; sourceTree = "<group>"; };
		18CF3954ABE6A3CAF55800E0 /* Pods-Demo.release.xcconfig */ = {isa = PBXFileReference; includeInIndex = 1; lastKnownFileType = text.xcconfig; name = "Pods-Demo.release.xcconfig"; path = "Pods/Target Support Files/Pods-Demo/Pods-Demo.release.xcconfig"; sourceTree = "<group>"; };
		3F3551ACC726CD77F3870A64 /* Pods-Object Editor.release.xcconfig */ = {isa = PBXFileReference; includeInIndex = 1; lastKnownFileType = text.xcconfig; name = "Pods-Object Editor.release.xcconfig"; path = "Pods/Target Support Files/Pods-Object Editor/Pods-Object Editor.release.xcconfig"; sourceTree = "<group>"; };
		5F0170DB227B4940003E81F4 /* RSForm.h */ = {isa = PBXFileReference; lastKnownFileType = sourcecode.c.h; path = RSForm.h; sourceTree = "<group>"; };
		5F0170DC227B4940003E81F4 /* RSForm.m */ = {isa = PBXFileReference; lastKnownFileType = sourcecode.c.objc; path = RSForm.m; sourceTree = "<group>"; };
		5F0CE80C226A7CE3000465AB /* Assets.xcassets */ = {isa = PBXFileReference; lastKnownFileType = folder.assetcatalog; path = Assets.xcassets; sourceTree = "<group>"; };
		5F0CE80D226E5F04000465AB /* RSPropertyViewer.h */ = {isa = PBXFileReference; lastKnownFileType = sourcecode.c.h; path = RSPropertyViewer.h; sourceTree = "<group>"; };
		5F0CE80E226E5F04000465AB /* RSPropertyViewer.m */ = {isa = PBXFileReference; lastKnownFileType = sourcecode.c.objc; path = RSPropertyViewer.m; sourceTree = "<group>"; };
		5F14FF7C1ACE18EE003D0861 /* RSFormContainer.h */ = {isa = PBXFileReference; fileEncoding = 4; lastKnownFileType = sourcecode.c.h; path = RSFormContainer.h; sourceTree = "<group>"; };
		5F31EC60227A2B4A004DC78B /* RSFormItemView.h */ = {isa = PBXFileReference; lastKnownFileType = sourcecode.c.h; path = RSFormItemView.h; sourceTree = "<group>"; };
		5F352F61178E0DAD006D263B /* RSAutocompleteSource.h */ = {isa = PBXFileReference; lastKnownFileType = sourcecode.c.h; path = RSAutocompleteSource.h; sourceTree = "<group>"; };
		5F352F62178E0EBA006D263B /* RSAutocompleteCell.h */ = {isa = PBXFileReference; fileEncoding = 4; lastKnownFileType = sourcecode.c.h; path = RSAutocompleteCell.h; sourceTree = "<group>"; };
		5F352F63178E0EBA006D263B /* RSAutocompleteCell.m */ = {isa = PBXFileReference; fileEncoding = 4; lastKnownFileType = sourcecode.c.objc; path = RSAutocompleteCell.m; sourceTree = "<group>"; };
		5F352F65178E0FD5006D263B /* RSAutocompleteInputAccessoryView.h */ = {isa = PBXFileReference; fileEncoding = 4; lastKnownFileType = sourcecode.c.h; path = RSAutocompleteInputAccessoryView.h; sourceTree = "<group>"; };
		5F352F66178E0FD6006D263B /* RSAutocompleteInputAccessoryView.m */ = {isa = PBXFileReference; fileEncoding = 4; lastKnownFileType = sourcecode.c.objc; path = RSAutocompleteInputAccessoryView.m; sourceTree = "<group>"; };
		5F352F68178E15F9006D263B /* RSArrayAutocompleteSource.h */ = {isa = PBXFileReference; fileEncoding = 4; lastKnownFileType = sourcecode.c.h; path = RSArrayAutocompleteSource.h; sourceTree = "<group>"; };
		5F352F69178E15F9006D263B /* RSArrayAutocompleteSource.m */ = {isa = PBXFileReference; fileEncoding = 4; lastKnownFileType = sourcecode.c.objc; path = RSArrayAutocompleteSource.m; sourceTree = "<group>"; };
		5F4E1073175D0D8C0025BC1D /* RSTextInputPropertyEditor.h */ = {isa = PBXFileReference; fileEncoding = 4; lastKnownFileType = sourcecode.c.h; path = RSTextInputPropertyEditor.h; sourceTree = "<group>"; };
		5F4E1074175D0D8C0025BC1D /* RSTextInputPropertyEditor.m */ = {isa = PBXFileReference; fileEncoding = 4; lastKnownFileType = sourcecode.c.objc; path = RSTextInputPropertyEditor.m; sourceTree = "<group>"; };
		5F4E1077175D33810025BC1D /* RSStringPropertyEditor.h */ = {isa = PBXFileReference; fileEncoding = 4; lastKnownFileType = sourcecode.c.h; path = RSStringPropertyEditor.h; sourceTree = "<group>"; };
		5F4E107B175D34660025BC1D /* RSNumberPropertyEditor.h */ = {isa = PBXFileReference; fileEncoding = 4; lastKnownFileType = sourcecode.c.h; path = RSNumberPropertyEditor.h; sourceTree = "<group>"; };
		5F4E107C175D34670025BC1D /* RSNumberPropertyEditor.m */ = {isa = PBXFileReference; fileEncoding = 4; lastKnownFileType = sourcecode.c.objc; path = RSNumberPropertyEditor.m; sourceTree = "<group>"; };
		5F4E909D2279EE16005EAAA3 /* RSFormItem.h */ = {isa = PBXFileReference; lastKnownFileType = sourcecode.c.h; path = RSFormItem.h; sourceTree = "<group>"; };
		5F4E909E2279EE16005EAAA3 /* RSFormItem.m */ = {isa = PBXFileReference; lastKnownFileType = sourcecode.c.objc; path = RSFormItem.m; sourceTree = "<group>"; };
		5F4E90A02279EE6E005EAAA3 /* RSPropertyFormItem.h */ = {isa = PBXFileReference; lastKnownFileType = sourcecode.c.h; path = RSPropertyFormItem.h; sourceTree = "<group>"; };
		5F4E90A12279EE6E005EAAA3 /* RSPropertyFormItem.m */ = {isa = PBXFileReference; lastKnownFileType = sourcecode.c.objc; path = RSPropertyFormItem.m; sourceTree = "<group>"; };
		5F574634226A45E300E14770 /* RSBaseTableViewCell.h */ = {isa = PBXFileReference; lastKnownFileType = sourcecode.c.h; path = RSBaseTableViewCell.h; sourceTree = "<group>"; };
		5F574635226A45E300E14770 /* RSBaseTableViewCell.m */ = {isa = PBXFileReference; lastKnownFileType = sourcecode.c.objc; path = RSBaseTableViewCell.m; sourceTree = "<group>"; };
		5F57463B226A739A00E14770 /* RSFormLibrary.h */ = {isa = PBXFileReference; lastKnownFileType = sourcecode.c.h; path = RSFormLibrary.h; sourceTree = "<group>"; };
		5F57463C226A739A00E14770 /* RSFormLibrary.m */ = {isa = PBXFileReference; lastKnownFileType = sourcecode.c.objc; path = RSFormLibrary.m; sourceTree = "<group>"; };
		5F6087EE1ACDEB5D00E0ED97 /* RSFetchRequestAutocompleteSource.h */ = {isa = PBXFileReference; fileEncoding = 4; lastKnownFileType = sourcecode.c.h; path = RSFetchRequestAutocompleteSource.h; sourceTree = "<group>"; };
		5F6087EF1ACDEB5D00E0ED97 /* RSFetchRequestAutocompleteSource.m */ = {isa = PBXFileReference; fileEncoding = 4; lastKnownFileType = sourcecode.c.objc; path = RSFetchRequestAutocompleteSource.m; sourceTree = "<group>"; };
		5FAB5B1E227B8B790062D29C /* RSFormItem+Private.h */ = {isa = PBXFileReference; lastKnownFileType = sourcecode.c.h; path = "RSFormItem+Private.h"; sourceTree = "<group>"; };
		5FAB5B1F227B8C930062D29C /* RSFormSection+Private.h */ = {isa = PBXFileReference; lastKnownFileType = sourcecode.c.h; path = "RSFormSection+Private.h"; sourceTree = "<group>"; };
		5FB00B392267C6B8007383B6 /* RSButtonTableViewCell.h */ = {isa = PBXFileReference; lastKnownFileType = sourcecode.c.h; path = RSButtonTableViewCell.h; sourceTree = "<group>"; };
		5FB00B3A2267C6B8007383B6 /* RSButtonTableViewCell.m */ = {isa = PBXFileReference; lastKnownFileType = sourcecode.c.objc; path = RSButtonTableViewCell.m; sourceTree = "<group>"; };
		5FB00B3B2267C6B8007383B6 /* RSButtonTableViewCell.xib */ = {isa = PBXFileReference; lastKnownFileType = file.xib; path = RSButtonTableViewCell.xib; sourceTree = "<group>"; };
		5FB00B3D2267E1FF007383B6 /* RSLabelTableViewCell.h */ = {isa = PBXFileReference; lastKnownFileType = sourcecode.c.h; path = RSLabelTableViewCell.h; sourceTree = "<group>"; };
		5FB00B3E2267E1FF007383B6 /* RSLabelTableViewCell.m */ = {isa = PBXFileReference; lastKnownFileType = sourcecode.c.objc; path = RSLabelTableViewCell.m; sourceTree = "<group>"; };
		5FD357CA2267872F0080E0F0 /* RSDetailTableViewCell.h */ = {isa = PBXFileReference; lastKnownFileType = sourcecode.c.h; path = RSDetailTableViewCell.h; sourceTree = "<group>"; };
		5FD357CB2267872F0080E0F0 /* RSDetailTableViewCell.m */ = {isa = PBXFileReference; lastKnownFileType = sourcecode.c.objc; path = RSDetailTableViewCell.m; sourceTree = "<group>"; };
		5FD357CC2267872F0080E0F0 /* RSDetailTableViewCell.xib */ = {isa = PBXFileReference; lastKnownFileType = file.xib; path = RSDetailTableViewCell.xib; sourceTree = "<group>"; };
		5FD357CE2267A82D0080E0F0 /* RSSliderTableViewCell.xib */ = {isa = PBXFileReference; lastKnownFileType = file.xib; path = RSSliderTableViewCell.xib; sourceTree = "<group>"; };
		5FD357CF2267BF030080E0F0 /* RSSwitchTableViewCell.h */ = {isa = PBXFileReference; lastKnownFileType = sourcecode.c.h; path = RSSwitchTableViewCell.h; sourceTree = "<group>"; };
		5FD357D02267BF030080E0F0 /* RSSwitchTableViewCell.m */ = {isa = PBXFileReference; lastKnownFileType = sourcecode.c.objc; path = RSSwitchTableViewCell.m; sourceTree = "<group>"; };
		5FD357D12267BF030080E0F0 /* RSSwitchTableViewCell.xib */ = {isa = PBXFileReference; lastKnownFileType = file.xib; path = RSSwitchTableViewCell.xib; sourceTree = "<group>"; };
		5FF92F78174AD56B003211A0 /* libObject Editor.a */ = {isa = PBXFileReference; explicitFileType = archive.ar; includeInIndex = 0; path = "libObject Editor.a"; sourceTree = BUILT_PRODUCTS_DIR; };
		5FF92F7B174AD56B003211A0 /* Foundation.framework */ = {isa = PBXFileReference; lastKnownFileType = wrapper.framework; name = Foundation.framework; path = System/Library/Frameworks/Foundation.framework; sourceTree = SDKROOT; };
		5FF92F7F174AD56B003211A0 /* Object Editor-Prefix.pch */ = {isa = PBXFileReference; lastKnownFileType = sourcecode.c.h; path = "Object Editor-Prefix.pch"; sourceTree = "<group>"; };
		5FF92F8C174AD56B003211A0 /* UIKit.framework */ = {isa = PBXFileReference; lastKnownFileType = wrapper.framework; name = UIKit.framework; path = Library/Frameworks/UIKit.framework; sourceTree = DEVELOPER_DIR; };
		5FF92FA6174AD615003211A0 /* NSManagedObject+RSForm.h */ = {isa = PBXFileReference; fileEncoding = 4; lastKnownFileType = sourcecode.c.h; path = "NSManagedObject+RSForm.h"; sourceTree = "<group>"; };
		5FF92FA7174AD615003211A0 /* NSManagedObject+RSForm.m */ = {isa = PBXFileReference; fileEncoding = 4; lastKnownFileType = sourcecode.c.objc; path = "NSManagedObject+RSForm.m"; sourceTree = "<group>"; };
		5FF92FA8174AD615003211A0 /* NSObject+RSForm.h */ = {isa = PBXFileReference; fileEncoding = 4; lastKnownFileType = sourcecode.c.h; path = "NSObject+RSForm.h"; sourceTree = "<group>"; };
		5FF92FA9174AD615003211A0 /* NSObject+RSForm.m */ = {isa = PBXFileReference; fileEncoding = 4; lastKnownFileType = sourcecode.c.objc; path = "NSObject+RSForm.m"; sourceTree = "<group>"; };
		5FF92FAC174AD615003211A0 /* NSObject+RSProperties.h */ = {isa = PBXFileReference; fileEncoding = 4; lastKnownFileType = sourcecode.c.h; path = "NSObject+RSProperties.h"; sourceTree = "<group>"; };
		5FF92FAD174AD615003211A0 /* NSObject+RSProperties.m */ = {isa = PBXFileReference; fileEncoding = 4; lastKnownFileType = sourcecode.c.objc; path = "NSObject+RSProperties.m"; sourceTree = "<group>"; };
		5FF92FAE174AD615003211A0 /* NSString+RSCamelCase.h */ = {isa = PBXFileReference; fileEncoding = 4; lastKnownFileType = sourcecode.c.h; path = "NSString+RSCamelCase.h"; sourceTree = "<group>"; };
		5FF92FAF174AD615003211A0 /* NSString+RSCamelCase.m */ = {isa = PBXFileReference; fileEncoding = 4; lastKnownFileType = sourcecode.c.objc; path = "NSString+RSCamelCase.m"; sourceTree = "<group>"; };
		5FF92FB0174AD615003211A0 /* RSBooleanPropertyEditor.h */ = {isa = PBXFileReference; fileEncoding = 4; lastKnownFileType = sourcecode.c.h; path = RSBooleanPropertyEditor.h; sourceTree = "<group>"; };
		5FF92FB1174AD615003211A0 /* RSBooleanPropertyEditor.m */ = {isa = PBXFileReference; fileEncoding = 4; lastKnownFileType = sourcecode.c.objc; path = RSBooleanPropertyEditor.m; sourceTree = "<group>"; };
		5FF92FB2174AD615003211A0 /* RSFormButton.h */ = {isa = PBXFileReference; fileEncoding = 4; lastKnownFileType = sourcecode.c.h; path = RSFormButton.h; sourceTree = "<group>"; };
		5FF92FB3174AD615003211A0 /* RSFormButton.m */ = {isa = PBXFileReference; fileEncoding = 4; lastKnownFileType = sourcecode.c.objc; path = RSFormButton.m; sourceTree = "<group>"; };
		5FF92FB4174AD615003211A0 /* RSFormNavigation.h */ = {isa = PBXFileReference; fileEncoding = 4; lastKnownFileType = sourcecode.c.h; path = RSFormNavigation.h; sourceTree = "<group>"; };
		5FF92FB5174AD615003211A0 /* RSFormNavigation.m */ = {isa = PBXFileReference; fileEncoding = 4; lastKnownFileType = sourcecode.c.objc; path = RSFormNavigation.m; sourceTree = "<group>"; };
		5FF92FB6174AD615003211A0 /* RSFloatPropertyEditor.h */ = {isa = PBXFileReference; fileEncoding = 4; lastKnownFileType = sourcecode.c.h; path = RSFloatPropertyEditor.h; sourceTree = "<group>"; };
		5FF92FB7174AD615003211A0 /* RSFloatPropertyEditor.m */ = {isa = PBXFileReference; fileEncoding = 4; lastKnownFileType = sourcecode.c.objc; path = RSFloatPropertyEditor.m; sourceTree = "<group>"; };
		5FF92FBA174AD615003211A0 /* RSFormViewController.h */ = {isa = PBXFileReference; fileEncoding = 4; lastKnownFileType = sourcecode.c.h; path = RSFormViewController.h; sourceTree = "<group>"; };
		5FF92FBB174AD615003211A0 /* RSFormViewController.m */ = {isa = PBXFileReference; fileEncoding = 4; lastKnownFileType = sourcecode.c.objc; path = RSFormViewController.m; sourceTree = "<group>"; };
		5FF92FBC174AD615003211A0 /* RSObjectPropertyEditor.h */ = {isa = PBXFileReference; fileEncoding = 4; lastKnownFileType = sourcecode.c.h; path = RSObjectPropertyEditor.h; sourceTree = "<group>"; };
		5FF92FBD174AD615003211A0 /* RSObjectPropertyEditor.m */ = {isa = PBXFileReference; fileEncoding = 4; lastKnownFileType = sourcecode.c.objc; path = RSObjectPropertyEditor.m; sourceTree = "<group>"; };
		5FF92FC0174AD615003211A0 /* RSFormSection.h */ = {isa = PBXFileReference; fileEncoding = 4; lastKnownFileType = sourcecode.c.h; path = RSFormSection.h; sourceTree = "<group>"; };
		5FF92FC1174AD615003211A0 /* RSFormSection.m */ = {isa = PBXFileReference; fileEncoding = 4; lastKnownFileType = sourcecode.c.objc; path = RSFormSection.m; sourceTree = "<group>"; };
		5FF92FC4174AD615003211A0 /* RSSliderTableViewCell.h */ = {isa = PBXFileReference; fileEncoding = 4; lastKnownFileType = sourcecode.c.h; path = RSSliderTableViewCell.h; sourceTree = "<group>"; };
		5FF92FC5174AD615003211A0 /* RSSliderTableViewCell.m */ = {isa = PBXFileReference; fileEncoding = 4; lastKnownFileType = sourcecode.c.objc; path = RSSliderTableViewCell.m; sourceTree = "<group>"; };
		5FF92FC8174AD615003211A0 /* RSTextFieldTableViewCell.h */ = {isa = PBXFileReference; fileEncoding = 4; lastKnownFileType = sourcecode.c.h; path = RSTextFieldTableViewCell.h; sourceTree = "<group>"; };
		5FF92FC9174AD615003211A0 /* RSTextFieldTableViewCell.m */ = {isa = PBXFileReference; fileEncoding = 4; lastKnownFileType = sourcecode.c.objc; path = RSTextFieldTableViewCell.m; sourceTree = "<group>"; };
		5FFA667A1BB601CC00D9014D /* Demo.app */ = {isa = PBXFileReference; explicitFileType = wrapper.application; includeInIndex = 0; path = Demo.app; sourceTree = BUILT_PRODUCTS_DIR; };
		5FFA667D1BB601CC00D9014D /* main.m */ = {isa = PBXFileReference; lastKnownFileType = sourcecode.c.objc; path = main.m; sourceTree = "<group>"; };
		5FFA667F1BB601CC00D9014D /* AppDelegate.h */ = {isa = PBXFileReference; lastKnownFileType = sourcecode.c.h; path = AppDelegate.h; sourceTree = "<group>"; };
		5FFA66801BB601CC00D9014D /* AppDelegate.m */ = {isa = PBXFileReference; lastKnownFileType = sourcecode.c.objc; path = AppDelegate.m; sourceTree = "<group>"; };
		5FFA66821BB601CC00D9014D /* ViewController.h */ = {isa = PBXFileReference; lastKnownFileType = sourcecode.c.h; path = ViewController.h; sourceTree = "<group>"; };
		5FFA66831BB601CC00D9014D /* ViewController.m */ = {isa = PBXFileReference; lastKnownFileType = sourcecode.c.objc; path = ViewController.m; sourceTree = "<group>"; };
		5FFA66861BB601CC00D9014D /* Base */ = {isa = PBXFileReference; lastKnownFileType = file.storyboard; name = Base; path = Base.lproj/Main.storyboard; sourceTree = "<group>"; };
		5FFA66881BB601CC00D9014D /* Assets.xcassets */ = {isa = PBXFileReference; lastKnownFileType = folder.assetcatalog; path = Assets.xcassets; sourceTree = "<group>"; };
		5FFA668B1BB601CC00D9014D /* Base */ = {isa = PBXFileReference; lastKnownFileType = file.storyboard; name = Base; path = Base.lproj/LaunchScreen.storyboard; sourceTree = "<group>"; };
		5FFA668D1BB601CC00D9014D /* Info.plist */ = {isa = PBXFileReference; lastKnownFileType = text.plist.xml; path = Info.plist; sourceTree = "<group>"; };
		5FFA66931BB606D200D9014D /* ModelObject.h */ = {isa = PBXFileReference; fileEncoding = 4; lastKnownFileType = sourcecode.c.h; path = ModelObject.h; sourceTree = "<group>"; };
		5FFA66941BB606D200D9014D /* ModelObject.m */ = {isa = PBXFileReference; fileEncoding = 4; lastKnownFileType = sourcecode.c.objc; path = ModelObject.m; sourceTree = "<group>"; };
		5FFA66991BB60AAA00D9014D /* libPods.a */ = {isa = PBXFileReference; lastKnownFileType = archive.ar; name = libPods.a; path = "Pods/../build/Debug-iphoneos/libPods.a"; sourceTree = "<group>"; };
		5FFA669B1BB60B8700D9014D /* CoreData.framework */ = {isa = PBXFileReference; lastKnownFileType = wrapper.framework; name = CoreData.framework; path = System/Library/Frameworks/CoreData.framework; sourceTree = SDKROOT; };
		A6D632B2516213D5AC44C93D /* libPods-Demo.a */ = {isa = PBXFileReference; explicitFileType = archive.ar; includeInIndex = 0; path = "libPods-Demo.a"; sourceTree = BUILT_PRODUCTS_DIR; };
		BF23F0214617EE4EB7C108CD /* Pods-Demo.debug.xcconfig */ = {isa = PBXFileReference; includeInIndex = 1; lastKnownFileType = text.xcconfig; name = "Pods-Demo.debug.xcconfig"; path = "Pods/Target Support Files/Pods-Demo/Pods-Demo.debug.xcconfig"; sourceTree = "<group>"; };
/* End PBXFileReference section */

/* Begin PBXFrameworksBuildPhase section */
		5FF92F75174AD56B003211A0 /* Frameworks */ = {
			isa = PBXFrameworksBuildPhase;
			buildActionMask = 2147483647;
			files = (
				5FF92F7C174AD56B003211A0 /* Foundation.framework in Frameworks */,
				6C4934F570BBFB24CBD01E9E /* libPods-Object Editor.a in Frameworks */,
			);
			runOnlyForDeploymentPostprocessing = 0;
		};
		5FFA66771BB601CC00D9014D /* Frameworks */ = {
			isa = PBXFrameworksBuildPhase;
			buildActionMask = 2147483647;
			files = (
				5FFA669C1BB60B8700D9014D /* CoreData.framework in Frameworks */,
				EF94C1400B155D2936F36B99 /* libPods-Demo.a in Frameworks */,
			);
			runOnlyForDeploymentPostprocessing = 0;
		};
/* End PBXFrameworksBuildPhase section */

/* Begin PBXGroup section */
		3AB26E7C64159835C4E5B6C0 /* Pods */ = {
			isa = PBXGroup;
			children = (
				BF23F0214617EE4EB7C108CD /* Pods-Demo.debug.xcconfig */,
				18CF3954ABE6A3CAF55800E0 /* Pods-Demo.release.xcconfig */,
				14E09896A55D8B8FC9F53215 /* Pods-Object Editor.debug.xcconfig */,
				3F3551ACC726CD77F3870A64 /* Pods-Object Editor.release.xcconfig */,
			);
			name = Pods;
			sourceTree = "<group>";
		};
		5F574638226A72BF00E14770 /* resources */ = {
			isa = PBXGroup;
			children = (
				5F0CE80C226A7CE3000465AB /* Assets.xcassets */,
			);
			path = resources;
			sourceTree = "<group>";
		};
		5F6087EB1ACDE26900E0ED97 /* Core */ = {
			isa = PBXGroup;
			children = (
				5FF92FA8174AD615003211A0 /* NSObject+RSForm.h */,
				5FF92FA9174AD615003211A0 /* NSObject+RSForm.m */,
				5FF92FAC174AD615003211A0 /* NSObject+RSProperties.h */,
				5FF92FAD174AD615003211A0 /* NSObject+RSProperties.m */,
				5FF92FAE174AD615003211A0 /* NSString+RSCamelCase.h */,
				5FF92FAF174AD615003211A0 /* NSString+RSCamelCase.m */,
				5F352F68178E15F9006D263B /* RSArrayAutocompleteSource.h */,
				5F352F69178E15F9006D263B /* RSArrayAutocompleteSource.m */,
				5F352F62178E0EBA006D263B /* RSAutocompleteCell.h */,
				5F352F63178E0EBA006D263B /* RSAutocompleteCell.m */,
				5F352F65178E0FD5006D263B /* RSAutocompleteInputAccessoryView.h */,
				5F352F66178E0FD6006D263B /* RSAutocompleteInputAccessoryView.m */,
				5F352F61178E0DAD006D263B /* RSAutocompleteSource.h */,
				5F574634226A45E300E14770 /* RSBaseTableViewCell.h */,
				5F574635226A45E300E14770 /* RSBaseTableViewCell.m */,
				5FB00B392267C6B8007383B6 /* RSButtonTableViewCell.h */,
				5FB00B3A2267C6B8007383B6 /* RSButtonTableViewCell.m */,
				5FB00B3B2267C6B8007383B6 /* RSButtonTableViewCell.xib */,
				5FD357CA2267872F0080E0F0 /* RSDetailTableViewCell.h */,
				5FD357CB2267872F0080E0F0 /* RSDetailTableViewCell.m */,
				5FD357CC2267872F0080E0F0 /* RSDetailTableViewCell.xib */,
				5F0170DB227B4940003E81F4 /* RSForm.h */,
				5F0170DC227B4940003E81F4 /* RSForm.m */,
				5F14FF7C1ACE18EE003D0861 /* RSFormContainer.h */,
				5F31EC60227A2B4A004DC78B /* RSFormItemView.h */,
				5FF92FC0174AD615003211A0 /* RSFormSection.h */,
				5FF92FC1174AD615003211A0 /* RSFormSection.m */,
				5FAB5B1F227B8C930062D29C /* RSFormSection+Private.h */,
				5FB00B3D2267E1FF007383B6 /* RSLabelTableViewCell.h */,
				5FB00B3E2267E1FF007383B6 /* RSLabelTableViewCell.m */,
				5F57463B226A739A00E14770 /* RSFormLibrary.h */,
				5F57463C226A739A00E14770 /* RSFormLibrary.m */,
				5FF92FBA174AD615003211A0 /* RSFormViewController.h */,
				5FF92FBB174AD615003211A0 /* RSFormViewController.m */,
				5F0CE80D226E5F04000465AB /* RSPropertyViewer.h */,
				5F0CE80E226E5F04000465AB /* RSPropertyViewer.m */,
				5FF92FC4174AD615003211A0 /* RSSliderTableViewCell.h */,
				5FF92FC5174AD615003211A0 /* RSSliderTableViewCell.m */,
				5FD357CE2267A82D0080E0F0 /* RSSliderTableViewCell.xib */,
				5FD357CF2267BF030080E0F0 /* RSSwitchTableViewCell.h */,
				5FD357D02267BF030080E0F0 /* RSSwitchTableViewCell.m */,
				5FD357D12267BF030080E0F0 /* RSSwitchTableViewCell.xib */,
				5FF92FC8174AD615003211A0 /* RSTextFieldTableViewCell.h */,
				5FF92FC9174AD615003211A0 /* RSTextFieldTableViewCell.m */,
			);
			path = Core;
			sourceTree = "<group>";
		};
		5F6087EC1ACDE28000E0ED97 /* Core Data */ = {
			isa = PBXGroup;
			children = (
				5FF92FA6174AD615003211A0 /* NSManagedObject+RSForm.h */,
				5FF92FA7174AD615003211A0 /* NSManagedObject+RSForm.m */,
				5F6087EE1ACDEB5D00E0ED97 /* RSFetchRequestAutocompleteSource.h */,
				5F6087EF1ACDEB5D00E0ED97 /* RSFetchRequestAutocompleteSource.m */,
			);
			name = "Core Data";
			path = CoreData;
			sourceTree = "<group>";
		};
		5F6087ED1ACDE40700E0ED97 /* Form Items */ = {
			isa = PBXGroup;
			children = (
				5FF92FB0174AD615003211A0 /* RSBooleanPropertyEditor.h */,
				5FF92FB1174AD615003211A0 /* RSBooleanPropertyEditor.m */,
				5FF92FB6174AD615003211A0 /* RSFloatPropertyEditor.h */,
				5FF92FB7174AD615003211A0 /* RSFloatPropertyEditor.m */,
				5FF92FB2174AD615003211A0 /* RSFormButton.h */,
				5FF92FB3174AD615003211A0 /* RSFormButton.m */,
				5F4E909D2279EE16005EAAA3 /* RSFormItem.h */,
				5F4E909E2279EE16005EAAA3 /* RSFormItem.m */,
				5FAB5B1E227B8B790062D29C /* RSFormItem+Private.h */,
				5FF92FB4174AD615003211A0 /* RSFormNavigation.h */,
				5FF92FB5174AD615003211A0 /* RSFormNavigation.m */,
				5F4E107B175D34660025BC1D /* RSNumberPropertyEditor.h */,
				5F4E107C175D34670025BC1D /* RSNumberPropertyEditor.m */,
				5FF92FBC174AD615003211A0 /* RSObjectPropertyEditor.h */,
				5FF92FBD174AD615003211A0 /* RSObjectPropertyEditor.m */,
				5F4E90A02279EE6E005EAAA3 /* RSPropertyFormItem.h */,
				5F4E90A12279EE6E005EAAA3 /* RSPropertyFormItem.m */,
				5F4E1077175D33810025BC1D /* RSStringPropertyEditor.h */,
				5F4E1073175D0D8C0025BC1D /* RSTextInputPropertyEditor.h */,
				5F4E1074175D0D8C0025BC1D /* RSTextInputPropertyEditor.m */,
			);
			name = "Form Items";
			path = FormItems;
			sourceTree = "<group>";
		};
		5FF92F6F174AD56B003211A0 = {
			isa = PBXGroup;
			children = (
				5FF92FA3174AD5B6003211A0 /* src */,
				5FF92F7A174AD56B003211A0 /* Frameworks */,
				5FF92F79174AD56B003211A0 /* Products */,
				3AB26E7C64159835C4E5B6C0 /* Pods */,
			);
			sourceTree = "<group>";
		};
		5FF92F79174AD56B003211A0 /* Products */ = {
			isa = PBXGroup;
			children = (
				5FF92F78174AD56B003211A0 /* libObject Editor.a */,
				5FFA667A1BB601CC00D9014D /* Demo.app */,
			);
			name = Products;
			sourceTree = "<group>";
		};
		5FF92F7A174AD56B003211A0 /* Frameworks */ = {
			isa = PBXGroup;
			children = (
				5FFA669B1BB60B8700D9014D /* CoreData.framework */,
				5FFA66991BB60AAA00D9014D /* libPods.a */,
				5FF92F7B174AD56B003211A0 /* Foundation.framework */,
				5FF92F8C174AD56B003211A0 /* UIKit.framework */,
				A6D632B2516213D5AC44C93D /* libPods-Demo.a */,
				0511A1A8EBB18D1B2A777D0D /* libPods-Object Editor.a */,
			);
			name = Frameworks;
			sourceTree = "<group>";
		};
		5FF92FA3174AD5B6003211A0 /* src */ = {
			isa = PBXGroup;
			children = (
				5FFA66921BB6026400D9014D /* demo */,
				5FF92FA4174AD5B6003211A0 /* main */,
			);
			path = src;
			sourceTree = "<group>";
		};
		5FF92FA4174AD5B6003211A0 /* main */ = {
			isa = PBXGroup;
			children = (
				5FF92FA5174AD5B6003211A0 /* objc */,
				5F574638226A72BF00E14770 /* resources */,
			);
			path = main;
			sourceTree = "<group>";
		};
		5FF92FA5174AD5B6003211A0 /* objc */ = {
			isa = PBXGroup;
			children = (
				5F6087EB1ACDE26900E0ED97 /* Core */,
				5F6087EC1ACDE28000E0ED97 /* Core Data */,
				5FF92F7F174AD56B003211A0 /* Object Editor-Prefix.pch */,
				5F6087ED1ACDE40700E0ED97 /* Form Items */,
			);
			path = objc;
			sourceTree = "<group>";
		};
		5FFA66921BB6026400D9014D /* demo */ = {
			isa = PBXGroup;
			children = (
				5FFA667F1BB601CC00D9014D /* AppDelegate.h */,
				5FFA66801BB601CC00D9014D /* AppDelegate.m */,
				5FFA66881BB601CC00D9014D /* Assets.xcassets */,
				5FFA668D1BB601CC00D9014D /* Info.plist */,
				5FFA668A1BB601CC00D9014D /* LaunchScreen.storyboard */,
				5FFA667D1BB601CC00D9014D /* main.m */,
				5FFA66851BB601CC00D9014D /* Main.storyboard */,
				5FFA66931BB606D200D9014D /* ModelObject.h */,
				5FFA66941BB606D200D9014D /* ModelObject.m */,
				5FFA66821BB601CC00D9014D /* ViewController.h */,
				5FFA66831BB601CC00D9014D /* ViewController.m */,
			);
			path = demo;
			sourceTree = "<group>";
		};
/* End PBXGroup section */

/* Begin PBXNativeTarget section */
		5FF92F77174AD56B003211A0 /* Object Editor */ = {
			isa = PBXNativeTarget;
			buildConfigurationList = 5FF92F9D174AD56B003211A0 /* Build configuration list for PBXNativeTarget "Object Editor" */;
			buildPhases = (
				91698B4F754D3352CD767641 /* [CP] Check Pods Manifest.lock */,
				5FF92F74174AD56B003211A0 /* Sources */,
				5FF92F75174AD56B003211A0 /* Frameworks */,
				5FF92F76174AD56B003211A0 /* CopyFiles */,
			);
			buildRules = (
			);
			dependencies = (
			);
			name = "Object Editor";
			productName = "Object Editor";
			productReference = 5FF92F78174AD56B003211A0 /* libObject Editor.a */;
			productType = "com.apple.product-type.library.static";
		};
		5FFA66791BB601CC00D9014D /* Demo */ = {
			isa = PBXNativeTarget;
			buildConfigurationList = 5FFA66901BB601CC00D9014D /* Build configuration list for PBXNativeTarget "Demo" */;
			buildPhases = (
				25A6F08665CA6D55FCC6F941 /* [CP] Check Pods Manifest.lock */,
				5FFA66761BB601CC00D9014D /* Sources */,
				5FFA66771BB601CC00D9014D /* Frameworks */,
				5FFA66781BB601CC00D9014D /* Resources */,
				A20BFFAB65D88B1B62892FCB /* [CP] Copy Pods Resources */,
				5DC5554D28297D81593F9B0F /* [CP] Embed Pods Frameworks */,
			);
			buildRules = (
			);
			dependencies = (
			);
			name = Demo;
			productName = Demo;
			productReference = 5FFA667A1BB601CC00D9014D /* Demo.app */;
			productType = "com.apple.product-type.application";
		};
/* End PBXNativeTarget section */

/* Begin PBXProject section */
		5FF92F70174AD56B003211A0 /* Project object */ = {
			isa = PBXProject;
			attributes = {
				LastUpgradeCheck = 1020;
				ORGANIZATIONNAME = "Reaction Software Inc.";
				TargetAttributes = {
					5FFA66791BB601CC00D9014D = {
						CreatedOnToolsVersion = 7.0;
					};
				};
			};
			buildConfigurationList = 5FF92F73174AD56B003211A0 /* Build configuration list for PBXProject "Object Editor" */;
			compatibilityVersion = "Xcode 3.2";
			developmentRegion = en;
			hasScannedForEncodings = 0;
			knownRegions = (
				en,
				Base,
			);
			mainGroup = 5FF92F6F174AD56B003211A0;
			productRefGroup = 5FF92F79174AD56B003211A0 /* Products */;
			projectDirPath = "";
			projectRoot = "";
			targets = (
				5FF92F77174AD56B003211A0 /* Object Editor */,
				5FFA66791BB601CC00D9014D /* Demo */,
			);
		};
/* End PBXProject section */

/* Begin PBXResourcesBuildPhase section */
		5FFA66781BB601CC00D9014D /* Resources */ = {
			isa = PBXResourcesBuildPhase;
			buildActionMask = 2147483647;
			files = (
				5FFA668C1BB601CC00D9014D /* LaunchScreen.storyboard in Resources */,
				5FFA66891BB601CC00D9014D /* Assets.xcassets in Resources */,
				5FFA66871BB601CC00D9014D /* Main.storyboard in Resources */,
			);
			runOnlyForDeploymentPostprocessing = 0;
		};
/* End PBXResourcesBuildPhase section */

/* Begin PBXShellScriptBuildPhase section */
		25A6F08665CA6D55FCC6F941 /* [CP] Check Pods Manifest.lock */ = {
			isa = PBXShellScriptBuildPhase;
			buildActionMask = 2147483647;
			files = (
			);
			inputPaths = (
				"${PODS_PODFILE_DIR_PATH}/Podfile.lock",
				"${PODS_ROOT}/Manifest.lock",
			);
			name = "[CP] Check Pods Manifest.lock";
			outputPaths = (
				"$(DERIVED_FILE_DIR)/Pods-Demo-checkManifestLockResult.txt",
			);
			runOnlyForDeploymentPostprocessing = 0;
			shellPath = /bin/sh;
			shellScript = "diff \"${PODS_PODFILE_DIR_PATH}/Podfile.lock\" \"${PODS_ROOT}/Manifest.lock\" > /dev/null\nif [ $? != 0 ] ; then\n    # print error to STDERR\n    echo \"error: The sandbox is not in sync with the Podfile.lock. Run 'pod install' or update your CocoaPods installation.\" >&2\n    exit 1\nfi\n# This output is used by Xcode 'outputs' to avoid re-running this script phase.\necho \"SUCCESS\" > \"${SCRIPT_OUTPUT_FILE_0}\"\n";
			showEnvVarsInLog = 0;
		};
		5DC5554D28297D81593F9B0F /* [CP] Embed Pods Frameworks */ = {
			isa = PBXShellScriptBuildPhase;
			buildActionMask = 2147483647;
			files = (
			);
			inputFileListPaths = (
			);
			inputPaths = (
				"${PODS_ROOT}/Target Support Files/Pods-Demo/Pods-Demo-frameworks.sh",
				"${PODS_ROOT}/Reveal-SDK/RevealServer-21/iOS/RevealServer.framework",
			);
			name = "[CP] Embed Pods Frameworks";
			outputFileListPaths = (
			);
			outputPaths = (
				"${TARGET_BUILD_DIR}/${FRAMEWORKS_FOLDER_PATH}/RevealServer.framework",
			);
			runOnlyForDeploymentPostprocessing = 0;
			shellPath = /bin/sh;
			shellScript = "\"${PODS_ROOT}/Target Support Files/Pods-Demo/Pods-Demo-frameworks.sh\"\n";
			showEnvVarsInLog = 0;
		};
		91698B4F754D3352CD767641 /* [CP] Check Pods Manifest.lock */ = {
			isa = PBXShellScriptBuildPhase;
			buildActionMask = 2147483647;
			files = (
			);
			inputPaths = (
				"${PODS_PODFILE_DIR_PATH}/Podfile.lock",
				"${PODS_ROOT}/Manifest.lock",
			);
			name = "[CP] Check Pods Manifest.lock";
			outputPaths = (
				"$(DERIVED_FILE_DIR)/Pods-Object Editor-checkManifestLockResult.txt",
			);
			runOnlyForDeploymentPostprocessing = 0;
			shellPath = /bin/sh;
			shellScript = "diff \"${PODS_PODFILE_DIR_PATH}/Podfile.lock\" \"${PODS_ROOT}/Manifest.lock\" > /dev/null\nif [ $? != 0 ] ; then\n    # print error to STDERR\n    echo \"error: The sandbox is not in sync with the Podfile.lock. Run 'pod install' or update your CocoaPods installation.\" >&2\n    exit 1\nfi\n# This output is used by Xcode 'outputs' to avoid re-running this script phase.\necho \"SUCCESS\" > \"${SCRIPT_OUTPUT_FILE_0}\"\n";
			showEnvVarsInLog = 0;
		};
		A20BFFAB65D88B1B62892FCB /* [CP] Copy Pods Resources */ = {
			isa = PBXShellScriptBuildPhase;
			buildActionMask = 2147483647;
			files = (
			);
			inputPaths = (
				"${PODS_ROOT}/Target Support Files/Pods-Demo/Pods-Demo-resources.sh",
				"${PODS_CONFIGURATION_BUILD_DIR}/ObjectEditor/ObjectEditor.bundle",
			);
			name = "[CP] Copy Pods Resources";
			outputPaths = (
				"${TARGET_BUILD_DIR}/${UNLOCALIZED_RESOURCES_FOLDER_PATH}/ObjectEditor.bundle",
			);
			runOnlyForDeploymentPostprocessing = 0;
			shellPath = /bin/sh;
			shellScript = "\"${PODS_ROOT}/Target Support Files/Pods-Demo/Pods-Demo-resources.sh\"\n";
			showEnvVarsInLog = 0;
		};
/* End PBXShellScriptBuildPhase section */

/* Begin PBXSourcesBuildPhase section */
		5FF92F74174AD56B003211A0 /* Sources */ = {
			isa = PBXSourcesBuildPhase;
			buildActionMask = 2147483647;
			files = (
				5F57463D226A739A00E14770 /* RSFormLibrary.m in Sources */,
				5FF92FCA174AD615003211A0 /* NSManagedObject+RSForm.m in Sources */,
				5FF92FCB174AD615003211A0 /* NSObject+RSForm.m in Sources */,
				5F6087F01ACDEB5D00E0ED97 /* RSFetchRequestAutocompleteSource.m in Sources */,
				5FF92FCD174AD615003211A0 /* NSObject+RSProperties.m in Sources */,
				5FF92FCE174AD615003211A0 /* NSString+RSCamelCase.m in Sources */,
				5FF92FCF174AD615003211A0 /* RSBooleanPropertyEditor.m in Sources */,
				5FF92FD0174AD615003211A0 /* RSFormButton.m in Sources */,
				5F0CE80F226E5F04000465AB /* RSPropertyViewer.m in Sources */,
				5FF92FD1174AD615003211A0 /* RSFormNavigation.m in Sources */,
				5FF92FD2174AD615003211A0 /* RSFloatPropertyEditor.m in Sources */,
				5FF92FD4174AD615003211A0 /* RSFormViewController.m in Sources */,
				5FF92FD5174AD615003211A0 /* RSObjectPropertyEditor.m in Sources */,
				5FB00B3C2267C6B8007383B6 /* RSButtonTableViewCell.m in Sources */,
				5F574636226A45E300E14770 /* RSBaseTableViewCell.m in Sources */,
				5FF92FD7174AD615003211A0 /* RSFormSection.m in Sources */,
				5F4E90A22279EE6E005EAAA3 /* RSPropertyFormItem.m in Sources */,
				5FF92FD9174AD615003211A0 /* RSSliderTableViewCell.m in Sources */,
				5FF92FDB174AD615003211A0 /* RSTextFieldTableViewCell.m in Sources */,
				5F4E1075175D0D8D0025BC1D /* RSTextInputPropertyEditor.m in Sources */,
				5F0170DD227B4940003E81F4 /* RSForm.m in Sources */,
				5FB00B402267E1FF007383B6 /* RSLabelTableViewCell.m in Sources */,
				5F4E107D175D34680025BC1D /* RSNumberPropertyEditor.m in Sources */,
				5F352F64178E0EBA006D263B /* RSAutocompleteCell.m in Sources */,
				5F4E909F2279EE16005EAAA3 /* RSFormItem.m in Sources */,
				5FD357D22267BF030080E0F0 /* RSSwitchTableViewCell.m in Sources */,
				5FD357CD2267872F0080E0F0 /* RSDetailTableViewCell.m in Sources */,
				5F352F67178E0FD6006D263B /* RSAutocompleteInputAccessoryView.m in Sources */,
				5F352F6A178E15FA006D263B /* RSArrayAutocompleteSource.m in Sources */,
			);
			runOnlyForDeploymentPostprocessing = 0;
		};
		5FFA66761BB601CC00D9014D /* Sources */ = {
			isa = PBXSourcesBuildPhase;
			buildActionMask = 2147483647;
			files = (
				5FFA66951BB606D200D9014D /* ModelObject.m in Sources */,
				5FFA66841BB601CC00D9014D /* ViewController.m in Sources */,
				5FFA66811BB601CC00D9014D /* AppDelegate.m in Sources */,
				5FFA667E1BB601CC00D9014D /* main.m in Sources */,
			);
			runOnlyForDeploymentPostprocessing = 0;
		};
/* End PBXSourcesBuildPhase section */

/* Begin PBXVariantGroup section */
		5FFA66851BB601CC00D9014D /* Main.storyboard */ = {
			isa = PBXVariantGroup;
			children = (
				5FFA66861BB601CC00D9014D /* Base */,
			);
			name = Main.storyboard;
			sourceTree = "<group>";
		};
		5FFA668A1BB601CC00D9014D /* LaunchScreen.storyboard */ = {
			isa = PBXVariantGroup;
			children = (
				5FFA668B1BB601CC00D9014D /* Base */,
			);
			name = LaunchScreen.storyboard;
			sourceTree = "<group>";
		};
/* End PBXVariantGroup section */

/* Begin XCBuildConfiguration section */
		5FF92F9B174AD56B003211A0 /* Debug */ = {
			isa = XCBuildConfiguration;
			buildSettings = {
				ALWAYS_SEARCH_USER_PATHS = NO;
				CLANG_ANALYZER_LOCALIZABILITY_NONLOCALIZED = YES;
				CLANG_CXX_LANGUAGE_STANDARD = "gnu++0x";
				CLANG_CXX_LIBRARY = "libc++";
				CLANG_ENABLE_OBJC_ARC = YES;
				CLANG_WARN_BLOCK_CAPTURE_AUTORELEASING = YES;
				CLANG_WARN_BOOL_CONVERSION = YES;
				CLANG_WARN_COMMA = YES;
				CLANG_WARN_CONSTANT_CONVERSION = YES;
				CLANG_WARN_DEPRECATED_OBJC_IMPLEMENTATIONS = YES;
				CLANG_WARN_EMPTY_BODY = YES;
				CLANG_WARN_ENUM_CONVERSION = YES;
				CLANG_WARN_INFINITE_RECURSION = YES;
				CLANG_WARN_INT_CONVERSION = YES;
				CLANG_WARN_NON_LITERAL_NULL_CONVERSION = YES;
				CLANG_WARN_OBJC_IMPLICIT_RETAIN_SELF = YES;
				CLANG_WARN_OBJC_LITERAL_CONVERSION = YES;
				CLANG_WARN_RANGE_LOOP_ANALYSIS = YES;
				CLANG_WARN_STRICT_PROTOTYPES = YES;
				CLANG_WARN_SUSPICIOUS_MOVE = YES;
				CLANG_WARN_UNREACHABLE_CODE = YES;
				CLANG_WARN__DUPLICATE_METHOD_MATCH = YES;
				COPY_PHASE_STRIP = NO;
				ENABLE_STRICT_OBJC_MSGSEND = YES;
				ENABLE_TESTABILITY = YES;
				GCC_C_LANGUAGE_STANDARD = gnu99;
				GCC_DYNAMIC_NO_PIC = NO;
				GCC_NO_COMMON_BLOCKS = YES;
				GCC_OPTIMIZATION_LEVEL = 0;
				GCC_PREPROCESSOR_DEFINITIONS = (
					"DEBUG=1",
					"$(inherited)",
				);
				GCC_SYMBOLS_PRIVATE_EXTERN = NO;
				GCC_WARN_64_TO_32_BIT_CONVERSION = YES;
				GCC_WARN_ABOUT_RETURN_TYPE = YES;
				GCC_WARN_UNDECLARED_SELECTOR = YES;
				GCC_WARN_UNINITIALIZED_AUTOS = YES;
				GCC_WARN_UNUSED_FUNCTION = YES;
				GCC_WARN_UNUSED_VARIABLE = YES;
				IPHONEOS_DEPLOYMENT_TARGET = 11.0;
				ONLY_ACTIVE_ARCH = YES;
				SDKROOT = iphoneos;
			};
			name = Debug;
		};
		5FF92F9C174AD56B003211A0 /* Release */ = {
			isa = XCBuildConfiguration;
			buildSettings = {
				ALWAYS_SEARCH_USER_PATHS = NO;
				CLANG_ANALYZER_LOCALIZABILITY_NONLOCALIZED = YES;
				CLANG_CXX_LANGUAGE_STANDARD = "gnu++0x";
				CLANG_CXX_LIBRARY = "libc++";
				CLANG_ENABLE_OBJC_ARC = YES;
				CLANG_WARN_BLOCK_CAPTURE_AUTORELEASING = YES;
				CLANG_WARN_BOOL_CONVERSION = YES;
				CLANG_WARN_COMMA = YES;
				CLANG_WARN_CONSTANT_CONVERSION = YES;
				CLANG_WARN_DEPRECATED_OBJC_IMPLEMENTATIONS = YES;
				CLANG_WARN_EMPTY_BODY = YES;
				CLANG_WARN_ENUM_CONVERSION = YES;
				CLANG_WARN_INFINITE_RECURSION = YES;
				CLANG_WARN_INT_CONVERSION = YES;
				CLANG_WARN_NON_LITERAL_NULL_CONVERSION = YES;
				CLANG_WARN_OBJC_IMPLICIT_RETAIN_SELF = YES;
				CLANG_WARN_OBJC_LITERAL_CONVERSION = YES;
				CLANG_WARN_RANGE_LOOP_ANALYSIS = YES;
				CLANG_WARN_STRICT_PROTOTYPES = YES;
				CLANG_WARN_SUSPICIOUS_MOVE = YES;
				CLANG_WARN_UNREACHABLE_CODE = YES;
				CLANG_WARN__DUPLICATE_METHOD_MATCH = YES;
				COPY_PHASE_STRIP = YES;
				ENABLE_STRICT_OBJC_MSGSEND = YES;
				GCC_C_LANGUAGE_STANDARD = gnu99;
				GCC_NO_COMMON_BLOCKS = YES;
				GCC_WARN_64_TO_32_BIT_CONVERSION = YES;
				GCC_WARN_ABOUT_RETURN_TYPE = YES;
				GCC_WARN_UNDECLARED_SELECTOR = YES;
				GCC_WARN_UNINITIALIZED_AUTOS = YES;
				GCC_WARN_UNUSED_FUNCTION = YES;
				GCC_WARN_UNUSED_VARIABLE = YES;
				IPHONEOS_DEPLOYMENT_TARGET = 11.0;
				SDKROOT = iphoneos;
				VALIDATE_PRODUCT = YES;
			};
			name = Release;
		};
		5FF92F9E174AD56B003211A0 /* Debug */ = {
			isa = XCBuildConfiguration;
			baseConfigurationReference = 14E09896A55D8B8FC9F53215 /* Pods-Object Editor.debug.xcconfig */;
			buildSettings = {
				DSTROOT = /tmp/Object_Editor.dst;
				GCC_PRECOMPILE_PREFIX_HEADER = YES;
				GCC_PREFIX_HEADER = "src/main/objc/Object Editor-Prefix.pch";
				PRODUCT_NAME = "$(TARGET_NAME)";
				SKIP_INSTALL = YES;
			};
			name = Debug;
		};
		5FF92F9F174AD56B003211A0 /* Release */ = {
			isa = XCBuildConfiguration;
			baseConfigurationReference = 3F3551ACC726CD77F3870A64 /* Pods-Object Editor.release.xcconfig */;
			buildSettings = {
				DSTROOT = /tmp/Object_Editor.dst;
				GCC_PRECOMPILE_PREFIX_HEADER = YES;
				GCC_PREFIX_HEADER = "src/main/objc/Object Editor-Prefix.pch";
				PRODUCT_NAME = "$(TARGET_NAME)";
				SKIP_INSTALL = YES;
			};
			name = Release;
		};
		5FFA668E1BB601CC00D9014D /* Debug */ = {
			isa = XCBuildConfiguration;
			baseConfigurationReference = BF23F0214617EE4EB7C108CD /* Pods-Demo.debug.xcconfig */;
			buildSettings = {
				ASSETCATALOG_COMPILER_APPICON_NAME = AppIcon;
				CLANG_ENABLE_MODULES = YES;
				CLANG_WARN_BOOL_CONVERSION = YES;
				CLANG_WARN_DIRECT_OBJC_ISA_USAGE = YES_ERROR;
				CLANG_WARN_OBJC_ROOT_CLASS = YES_ERROR;
				CLANG_WARN_UNREACHABLE_CODE = YES;
				"CODE_SIGN_IDENTITY[sdk=iphoneos*]" = "iPhone Developer";
				DEBUG_INFORMATION_FORMAT = dwarf;
				ENABLE_STRICT_OBJC_MSGSEND = YES;
				ENABLE_TESTABILITY = YES;
				GCC_NO_COMMON_BLOCKS = YES;
				GCC_WARN_64_TO_32_BIT_CONVERSION = YES;
				GCC_WARN_ABOUT_RETURN_TYPE = YES_ERROR;
				GCC_WARN_UNDECLARED_SELECTOR = YES;
				GCC_WARN_UNINITIALIZED_AUTOS = YES_AGGRESSIVE;
				GCC_WARN_UNUSED_FUNCTION = YES;
				INFOPLIST_FILE = src/demo/Info.plist;
				IPHONEOS_DEPLOYMENT_TARGET = 11.0;
				LD_RUNPATH_SEARCH_PATHS = "$(inherited) @executable_path/Frameworks";
				MTL_ENABLE_DEBUG_INFO = YES;
				PRODUCT_BUNDLE_IDENTIFIER = com.reactionsoftware.Demo;
				PRODUCT_NAME = "$(TARGET_NAME)";
				TARGETED_DEVICE_FAMILY = "1,2";
			};
			name = Debug;
		};
		5FFA668F1BB601CC00D9014D /* Release */ = {
			isa = XCBuildConfiguration;
			baseConfigurationReference = 18CF3954ABE6A3CAF55800E0 /* Pods-Demo.release.xcconfig */;
			buildSettings = {
				ASSETCATALOG_COMPILER_APPICON_NAME = AppIcon;
				CLANG_ENABLE_MODULES = YES;
				CLANG_WARN_BOOL_CONVERSION = YES;
				CLANG_WARN_DIRECT_OBJC_ISA_USAGE = YES_ERROR;
				CLANG_WARN_OBJC_ROOT_CLASS = YES_ERROR;
				CLANG_WARN_UNREACHABLE_CODE = YES;
				"CODE_SIGN_IDENTITY[sdk=iphoneos*]" = "iPhone Developer";
				COPY_PHASE_STRIP = NO;
				DEBUG_INFORMATION_FORMAT = "dwarf-with-dsym";
				ENABLE_NS_ASSERTIONS = NO;
				ENABLE_STRICT_OBJC_MSGSEND = YES;
				GCC_NO_COMMON_BLOCKS = YES;
				GCC_WARN_64_TO_32_BIT_CONVERSION = YES;
				GCC_WARN_ABOUT_RETURN_TYPE = YES_ERROR;
				GCC_WARN_UNDECLARED_SELECTOR = YES;
				GCC_WARN_UNINITIALIZED_AUTOS = YES_AGGRESSIVE;
				GCC_WARN_UNUSED_FUNCTION = YES;
				INFOPLIST_FILE = src/demo/Info.plist;
				IPHONEOS_DEPLOYMENT_TARGET = 11.0;
				LD_RUNPATH_SEARCH_PATHS = "$(inherited) @executable_path/Frameworks";
				MTL_ENABLE_DEBUG_INFO = NO;
				PRODUCT_BUNDLE_IDENTIFIER = com.reactionsoftware.Demo;
				PRODUCT_NAME = "$(TARGET_NAME)";
				TARGETED_DEVICE_FAMILY = "1,2";
			};
			name = Release;
		};
/* End XCBuildConfiguration section */

/* Begin XCConfigurationList section */
		5FF92F73174AD56B003211A0 /* Build configuration list for PBXProject "Object Editor" */ = {
			isa = XCConfigurationList;
			buildConfigurations = (
				5FF92F9B174AD56B003211A0 /* Debug */,
				5FF92F9C174AD56B003211A0 /* Release */,
			);
			defaultConfigurationIsVisible = 0;
			defaultConfigurationName = Release;
		};
		5FF92F9D174AD56B003211A0 /* Build configuration list for PBXNativeTarget "Object Editor" */ = {
			isa = XCConfigurationList;
			buildConfigurations = (
				5FF92F9E174AD56B003211A0 /* Debug */,
				5FF92F9F174AD56B003211A0 /* Release */,
			);
			defaultConfigurationIsVisible = 0;
			defaultConfigurationName = Release;
		};
		5FFA66901BB601CC00D9014D /* Build configuration list for PBXNativeTarget "Demo" */ = {
			isa = XCConfigurationList;
			buildConfigurations = (
				5FFA668E1BB601CC00D9014D /* Debug */,
				5FFA668F1BB601CC00D9014D /* Release */,
			);
			defaultConfigurationIsVisible = 0;
			defaultConfigurationName = Release;
		};
/* End XCConfigurationList section */
	};
	rootObject = 5FF92F70174AD56B003211A0 /* Project object */;
}
